
Microsoft Visual Studio Solution File, Format Version 12.00
# Visual Studio 15
VisualStudioVersion = 15.0.26124.0
MinimumVisualStudioVersion = 15.0.26124.0
Project("{2150E333-8FDC-42A3-9474-1A3956D46DE8}") = "src", "src", "{75EB8B1B-CC1D-493D-9E6C-37F2BD33D611}"
EndProject
Project("{FAE04EC0-301F-11D3-BF4B-00C04F79EFBC}") = "Albar.AssistantAssignment.Abstractions", "src\Albar.AssistantAssignment.Abstractions\Albar.AssistantAssignment.Abstractions.csproj", "{F3406A55-75EB-4E13-8DCD-63F39C5DF948}"
EndProject
Project("{FAE04EC0-301F-11D3-BF4B-00C04F79EFBC}") = "Albar.AssistantAssignment.Algorithm", "src\Albar.AssistantAssignment.Algorithm\Albar.AssistantAssignment.Algorithm.csproj", "{E1D2FE48-DE36-4A31-8263-7B269D809C79}"
EndProject
Project("{FAE04EC0-301F-11D3-BF4B-00C04F79EFBC}") = "Albar.AssistantAssignment.DataAbstractions", "src\Albar.AssistantAssignment.DataAbstractions\Albar.AssistantAssignment.DataAbstractions.csproj", "{D6ADA963-02EF-4F96-B8F9-C87E43C3EC6E}"
EndProject
Project("{FAE04EC0-301F-11D3-BF4B-00C04F79EFBC}") = "Albar.AssistantAssignment.ThesisSpecificImplementation", "src\Albar.AssistantAssignment.ThesisSpecificImplementation\Albar.AssistantAssignment.ThesisSpecificImplementation.csproj", "{BFE5EB29-9251-40FB-84AE-EA469C86F8E6}"
EndProject
Project("{FAE04EC0-301F-11D3-BF4B-00C04F79EFBC}") = "Albar.AssistantAssignment.WebApp", "src\Albar.AssistantAssignment.WebApp\Albar.AssistantAssignment.WebApp.csproj", "{28578F4D-2600-48B3-9EB1-9AED2B9D866D}"
EndProject
Project("{2150E333-8FDC-42A3-9474-1A3956D46DE8}") = "libs", "libs", "{DB97B922-00E5-4293-965A-1BE0C857672B}"
EndProject
Project("{2150E333-8FDC-42A3-9474-1A3956D46DE8}") = "ga", "ga", "{7C0291E0-25DC-426D-95BF-DC9A8142B385}"
EndProject
Project("{2150E333-8FDC-42A3-9474-1A3956D46DE8}") = "src", "src", "{18B2A817-EA4D-47BB-A212-A267E76F013B}"
EndProject
Project("{FAE04EC0-301F-11D3-BF4B-00C04F79EFBC}") = "Bunnypro.GeneticAlgorithm.MultiObjective.Abstractions", "libs\ga\src\MultiObjective.Abstractions\Bunnypro.GeneticAlgorithm.MultiObjective.Abstractions.csproj", "{AB00F333-5CBE-4ADF-9AA0-80A027A4A705}"
EndProject
Project("{FAE04EC0-301F-11D3-BF4B-00C04F79EFBC}") = "Bunnypro.GeneticAlgorithm.Core", "libs\ga\src\Core\Bunnypro.GeneticAlgorithm.Core.csproj", "{0B5E561A-8A51-4BE3-A7EE-08E04AFD817E}"
EndProject
Project("{FAE04EC0-301F-11D3-BF4B-00C04F79EFBC}") = "Bunnypro.GeneticAlgorithm.MultiObjective.NSGA2", "libs\ga\src\MultiObjective.NSGA2\Bunnypro.GeneticAlgorithm.MultiObjective.NSGA2.csproj", "{71D13C87-8788-432C-89B8-A912B898078B}"
EndProject
Project("{FAE04EC0-301F-11D3-BF4B-00C04F79EFBC}") = "Bunnypro.GeneticAlgorithm.Abstractions", "libs\ga\src\Abstractions\Bunnypro.GeneticAlgorithm.Abstractions.csproj", "{68B90295-6AB7-4552-806C-80455E743ADA}"
EndProject
Project("{FAE04EC0-301F-11D3-BF4B-00C04F79EFBC}") = "Bunnypro.GeneticAlgorithm.Extensions", "libs\ga\src\Extensions\Bunnypro.GeneticAlgorithm.Extensions.csproj", "{6F8C4CE6-856F-4403-9A15-470517440F83}"
EndProject
Project("{FAE04EC0-301F-11D3-BF4B-00C04F79EFBC}") = "Bunnypro.GeneticAlgorithm.MultiObjective.Core", "libs\ga\src\MultiObjective.Core\Bunnypro.GeneticAlgorithm.MultiObjective.Core.csproj", "{D4ED1F44-BC4D-47DB-A66A-F29A9B38B7C6}"
EndProject
Project("{FAE04EC0-301F-11D3-BF4B-00C04F79EFBC}") = "Bunnypro.GeneticAlgorithm.MultiObjective.Primitives", "libs\ga\src\MultiObjective.Primitives\Bunnypro.GeneticAlgorithm.MultiObjective.Primitives.csproj", "{284BD376-2F4F-40AD-BA38-1FF4F8EDE67D}"
EndProject
Project("{FAE04EC0-301F-11D3-BF4B-00C04F79EFBC}") = "Bunnypro.GeneticAlgorithm.Primitives", "libs\ga\src\Primitives\Bunnypro.GeneticAlgorithm.Primitives.csproj", "{36FE70F2-BA69-49D6-8B9E-7EC5A2461E60}"
EndProject
Global
	GlobalSection(SolutionConfigurationPlatforms) = preSolution
		Debug|Any CPU = Debug|Any CPU
		Debug|x64 = Debug|x64
		Debug|x86 = Debug|x86
		Release|Any CPU = Release|Any CPU
		Release|x64 = Release|x64
		Release|x86 = Release|x86
	EndGlobalSection
	GlobalSection(SolutionProperties) = preSolution
		HideSolutionNode = FALSE
	EndGlobalSection
	GlobalSection(ProjectConfigurationPlatforms) = postSolution
		{F3406A55-75EB-4E13-8DCD-63F39C5DF948}.Debug|Any CPU.ActiveCfg = Debug|Any CPU
		{F3406A55-75EB-4E13-8DCD-63F39C5DF948}.Debug|Any CPU.Build.0 = Debug|Any CPU
		{F3406A55-75EB-4E13-8DCD-63F39C5DF948}.Debug|x64.ActiveCfg = Debug|Any CPU
		{F3406A55-75EB-4E13-8DCD-63F39C5DF948}.Debug|x64.Build.0 = Debug|Any CPU
		{F3406A55-75EB-4E13-8DCD-63F39C5DF948}.Debug|x86.ActiveCfg = Debug|Any CPU
		{F3406A55-75EB-4E13-8DCD-63F39C5DF948}.Debug|x86.Build.0 = Debug|Any CPU
		{F3406A55-75EB-4E13-8DCD-63F39C5DF948}.Release|Any CPU.ActiveCfg = Release|Any CPU
		{F3406A55-75EB-4E13-8DCD-63F39C5DF948}.Release|Any CPU.Build.0 = Release|Any CPU
		{F3406A55-75EB-4E13-8DCD-63F39C5DF948}.Release|x64.ActiveCfg = Release|Any CPU
		{F3406A55-75EB-4E13-8DCD-63F39C5DF948}.Release|x64.Build.0 = Release|Any CPU
		{F3406A55-75EB-4E13-8DCD-63F39C5DF948}.Release|x86.ActiveCfg = Release|Any CPU
		{F3406A55-75EB-4E13-8DCD-63F39C5DF948}.Release|x86.Build.0 = Release|Any CPU
		{E1D2FE48-DE36-4A31-8263-7B269D809C79}.Debug|Any CPU.ActiveCfg = Debug|Any CPU
		{E1D2FE48-DE36-4A31-8263-7B269D809C79}.Debug|Any CPU.Build.0 = Debug|Any CPU
		{E1D2FE48-DE36-4A31-8263-7B269D809C79}.Debug|x64.ActiveCfg = Debug|Any CPU
		{E1D2FE48-DE36-4A31-8263-7B269D809C79}.Debug|x64.Build.0 = Debug|Any CPU
		{E1D2FE48-DE36-4A31-8263-7B269D809C79}.Debug|x86.ActiveCfg = Debug|Any CPU
		{E1D2FE48-DE36-4A31-8263-7B269D809C79}.Debug|x86.Build.0 = Debug|Any CPU
		{E1D2FE48-DE36-4A31-8263-7B269D809C79}.Release|Any CPU.ActiveCfg = Release|Any CPU
		{E1D2FE48-DE36-4A31-8263-7B269D809C79}.Release|Any CPU.Build.0 = Release|Any CPU
		{E1D2FE48-DE36-4A31-8263-7B269D809C79}.Release|x64.ActiveCfg = Release|Any CPU
		{E1D2FE48-DE36-4A31-8263-7B269D809C79}.Release|x64.Build.0 = Release|Any CPU
		{E1D2FE48-DE36-4A31-8263-7B269D809C79}.Release|x86.ActiveCfg = Release|Any CPU
		{E1D2FE48-DE36-4A31-8263-7B269D809C79}.Release|x86.Build.0 = Release|Any CPU
		{D6ADA963-02EF-4F96-B8F9-C87E43C3EC6E}.Debug|Any CPU.ActiveCfg = Debug|Any CPU
		{D6ADA963-02EF-4F96-B8F9-C87E43C3EC6E}.Debug|Any CPU.Build.0 = Debug|Any CPU
		{D6ADA963-02EF-4F96-B8F9-C87E43C3EC6E}.Debug|x64.ActiveCfg = Debug|Any CPU
		{D6ADA963-02EF-4F96-B8F9-C87E43C3EC6E}.Debug|x64.Build.0 = Debug|Any CPU
		{D6ADA963-02EF-4F96-B8F9-C87E43C3EC6E}.Debug|x86.ActiveCfg = Debug|Any CPU
		{D6ADA963-02EF-4F96-B8F9-C87E43C3EC6E}.Debug|x86.Build.0 = Debug|Any CPU
		{D6ADA963-02EF-4F96-B8F9-C87E43C3EC6E}.Release|Any CPU.ActiveCfg = Release|Any CPU
		{D6ADA963-02EF-4F96-B8F9-C87E43C3EC6E}.Release|Any CPU.Build.0 = Release|Any CPU
		{D6ADA963-02EF-4F96-B8F9-C87E43C3EC6E}.Release|x64.ActiveCfg = Release|Any CPU
		{D6ADA963-02EF-4F96-B8F9-C87E43C3EC6E}.Release|x64.Build.0 = Release|Any CPU
		{D6ADA963-02EF-4F96-B8F9-C87E43C3EC6E}.Release|x86.ActiveCfg = Release|Any CPU
		{D6ADA963-02EF-4F96-B8F9-C87E43C3EC6E}.Release|x86.Build.0 = Release|Any CPU
		{BFE5EB29-9251-40FB-84AE-EA469C86F8E6}.Debug|Any CPU.ActiveCfg = Debug|Any CPU
		{BFE5EB29-9251-40FB-84AE-EA469C86F8E6}.Debug|Any CPU.Build.0 = Debug|Any CPU
		{BFE5EB29-9251-40FB-84AE-EA469C86F8E6}.Debug|x64.ActiveCfg = Debug|Any CPU
		{BFE5EB29-9251-40FB-84AE-EA469C86F8E6}.Debug|x64.Build.0 = Debug|Any CPU
		{BFE5EB29-9251-40FB-84AE-EA469C86F8E6}.Debug|x86.ActiveCfg = Debug|Any CPU
		{BFE5EB29-9251-40FB-84AE-EA469C86F8E6}.Debug|x86.Build.0 = Debug|Any CPU
		{BFE5EB29-9251-40FB-84AE-EA469C86F8E6}.Release|Any CPU.ActiveCfg = Release|Any CPU
		{BFE5EB29-9251-40FB-84AE-EA469C86F8E6}.Release|Any CPU.Build.0 = Release|Any CPU
		{BFE5EB29-9251-40FB-84AE-EA469C86F8E6}.Release|x64.ActiveCfg = Release|Any CPU
		{BFE5EB29-9251-40FB-84AE-EA469C86F8E6}.Release|x64.Build.0 = Release|Any CPU
		{BFE5EB29-9251-40FB-84AE-EA469C86F8E6}.Release|x86.ActiveCfg = Release|Any CPU
		{BFE5EB29-9251-40FB-84AE-EA469C86F8E6}.Release|x86.Build.0 = Release|Any CPU
		{28578F4D-2600-48B3-9EB1-9AED2B9D866D}.Debug|Any CPU.ActiveCfg = Debug|Any CPU
		{28578F4D-2600-48B3-9EB1-9AED2B9D866D}.Debug|Any CPU.Build.0 = Debug|Any CPU
		{28578F4D-2600-48B3-9EB1-9AED2B9D866D}.Debug|x64.ActiveCfg = Debug|Any CPU
		{28578F4D-2600-48B3-9EB1-9AED2B9D866D}.Debug|x64.Build.0 = Debug|Any CPU
		{28578F4D-2600-48B3-9EB1-9AED2B9D866D}.Debug|x86.ActiveCfg = Debug|Any CPU
		{28578F4D-2600-48B3-9EB1-9AED2B9D866D}.Debug|x86.Build.0 = Debug|Any CPU
		{28578F4D-2600-48B3-9EB1-9AED2B9D866D}.Release|Any CPU.ActiveCfg = Release|Any CPU
		{28578F4D-2600-48B3-9EB1-9AED2B9D866D}.Release|Any CPU.Build.0 = Release|Any CPU
		{28578F4D-2600-48B3-9EB1-9AED2B9D866D}.Release|x64.ActiveCfg = Release|Any CPU
		{28578F4D-2600-48B3-9EB1-9AED2B9D866D}.Release|x64.Build.0 = Release|Any CPU
		{28578F4D-2600-48B3-9EB1-9AED2B9D866D}.Release|x86.ActiveCfg = Release|Any CPU
		{28578F4D-2600-48B3-9EB1-9AED2B9D866D}.Release|x86.Build.0 = Release|Any CPU
		{AB00F333-5CBE-4ADF-9AA0-80A027A4A705}.Debug|Any CPU.ActiveCfg = Debug|Any CPU
		{AB00F333-5CBE-4ADF-9AA0-80A027A4A705}.Debug|Any CPU.Build.0 = Debug|Any CPU
		{AB00F333-5CBE-4ADF-9AA0-80A027A4A705}.Debug|x64.ActiveCfg = Debug|Any CPU
		{AB00F333-5CBE-4ADF-9AA0-80A027A4A705}.Debug|x64.Build.0 = Debug|Any CPU
		{AB00F333-5CBE-4ADF-9AA0-80A027A4A705}.Debug|x86.ActiveCfg = Debug|Any CPU
		{AB00F333-5CBE-4ADF-9AA0-80A027A4A705}.Debug|x86.Build.0 = Debug|Any CPU
		{AB00F333-5CBE-4ADF-9AA0-80A027A4A705}.Release|Any CPU.ActiveCfg = Release|Any CPU
		{AB00F333-5CBE-4ADF-9AA0-80A027A4A705}.Release|Any CPU.Build.0 = Release|Any CPU
		{AB00F333-5CBE-4ADF-9AA0-80A027A4A705}.Release|x64.ActiveCfg = Release|Any CPU
		{AB00F333-5CBE-4ADF-9AA0-80A027A4A705}.Release|x64.Build.0 = Release|Any CPU
		{AB00F333-5CBE-4ADF-9AA0-80A027A4A705}.Release|x86.ActiveCfg = Release|Any CPU
		{AB00F333-5CBE-4ADF-9AA0-80A027A4A705}.Release|x86.Build.0 = Release|Any CPU
		{0B5E561A-8A51-4BE3-A7EE-08E04AFD817E}.Debug|Any CPU.ActiveCfg = Debug|Any CPU
		{0B5E561A-8A51-4BE3-A7EE-08E04AFD817E}.Debug|Any CPU.Build.0 = Debug|Any CPU
		{0B5E561A-8A51-4BE3-A7EE-08E04AFD817E}.Debug|x64.ActiveCfg = Debug|Any CPU
		{0B5E561A-8A51-4BE3-A7EE-08E04AFD817E}.Debug|x64.Build.0 = Debug|Any CPU
		{0B5E561A-8A51-4BE3-A7EE-08E04AFD817E}.Debug|x86.ActiveCfg = Debug|Any CPU
		{0B5E561A-8A51-4BE3-A7EE-08E04AFD817E}.Debug|x86.Build.0 = Debug|Any CPU
		{0B5E561A-8A51-4BE3-A7EE-08E04AFD817E}.Release|Any CPU.ActiveCfg = Release|Any CPU
		{0B5E561A-8A51-4BE3-A7EE-08E04AFD817E}.Release|Any CPU.Build.0 = Release|Any CPU
		{0B5E561A-8A51-4BE3-A7EE-08E04AFD817E}.Release|x64.ActiveCfg = Release|Any CPU
		{0B5E561A-8A51-4BE3-A7EE-08E04AFD817E}.Release|x64.Build.0 = Release|Any CPU
		{0B5E561A-8A51-4BE3-A7EE-08E04AFD817E}.Release|x86.ActiveCfg = Release|Any CPU
		{0B5E561A-8A51-4BE3-A7EE-08E04AFD817E}.Release|x86.Build.0 = Release|Any CPU
		{71D13C87-8788-432C-89B8-A912B898078B}.Debug|Any CPU.ActiveCfg = Debug|Any CPU
		{71D13C87-8788-432C-89B8-A912B898078B}.Debug|Any CPU.Build.0 = Debug|Any CPU
		{71D13C87-8788-432C-89B8-A912B898078B}.Debug|x64.ActiveCfg = Debug|Any CPU
		{71D13C87-8788-432C-89B8-A912B898078B}.Debug|x64.Build.0 = Debug|Any CPU
		{71D13C87-8788-432C-89B8-A912B898078B}.Debug|x86.ActiveCfg = Debug|Any CPU
		{71D13C87-8788-432C-89B8-A912B898078B}.Debug|x86.Build.0 = Debug|Any CPU
		{71D13C87-8788-432C-89B8-A912B898078B}.Release|Any CPU.ActiveCfg = Release|Any CPU
		{71D13C87-8788-432C-89B8-A912B898078B}.Release|Any CPU.Build.0 = Release|Any CPU
		{71D13C87-8788-432C-89B8-A912B898078B}.Release|x64.ActiveCfg = Release|Any CPU
		{71D13C87-8788-432C-89B8-A912B898078B}.Release|x64.Build.0 = Release|Any CPU
		{71D13C87-8788-432C-89B8-A912B898078B}.Release|x86.ActiveCfg = Release|Any CPU
		{71D13C87-8788-432C-89B8-A912B898078B}.Release|x86.Build.0 = Release|Any CPU
		{68B90295-6AB7-4552-806C-80455E743ADA}.Debug|Any CPU.ActiveCfg = Debug|Any CPU
		{68B90295-6AB7-4552-806C-80455E743ADA}.Debug|Any CPU.Build.0 = Debug|Any CPU
		{68B90295-6AB7-4552-806C-80455E743ADA}.Debug|x64.ActiveCfg = Debug|Any CPU
		{68B90295-6AB7-4552-806C-80455E743ADA}.Debug|x64.Build.0 = Debug|Any CPU
		{68B90295-6AB7-4552-806C-80455E743ADA}.Debug|x86.ActiveCfg = Debug|Any CPU
		{68B90295-6AB7-4552-806C-80455E743ADA}.Debug|x86.Build.0 = Debug|Any CPU
		{68B90295-6AB7-4552-806C-80455E743ADA}.Release|Any CPU.ActiveCfg = Release|Any CPU
		{68B90295-6AB7-4552-806C-80455E743ADA}.Release|Any CPU.Build.0 = Release|Any CPU
		{68B90295-6AB7-4552-806C-80455E743ADA}.Release|x64.ActiveCfg = Release|Any CPU
		{68B90295-6AB7-4552-806C-80455E743ADA}.Release|x64.Build.0 = Release|Any CPU
		{68B90295-6AB7-4552-806C-80455E743ADA}.Release|x86.ActiveCfg = Release|Any CPU
		{68B90295-6AB7-4552-806C-80455E743ADA}.Release|x86.Build.0 = Release|Any CPU
		{6F8C4CE6-856F-4403-9A15-470517440F83}.Debug|Any CPU.ActiveCfg = Debug|Any CPU
		{6F8C4CE6-856F-4403-9A15-470517440F83}.Debug|Any CPU.Build.0 = Debug|Any CPU
		{6F8C4CE6-856F-4403-9A15-470517440F83}.Debug|x64.ActiveCfg = Debug|Any CPU
		{6F8C4CE6-856F-4403-9A15-470517440F83}.Debug|x64.Build.0 = Debug|Any CPU
		{6F8C4CE6-856F-4403-9A15-470517440F83}.Debug|x86.ActiveCfg = Debug|Any CPU
		{6F8C4CE6-856F-4403-9A15-470517440F83}.Debug|x86.Build.0 = Debug|Any CPU
		{6F8C4CE6-856F-4403-9A15-470517440F83}.Release|Any CPU.ActiveCfg = Release|Any CPU
		{6F8C4CE6-856F-4403-9A15-470517440F83}.Release|Any CPU.Build.0 = Release|Any CPU
		{6F8C4CE6-856F-4403-9A15-470517440F83}.Release|x64.ActiveCfg = Release|Any CPU
		{6F8C4CE6-856F-4403-9A15-470517440F83}.Release|x64.Build.0 = Release|Any CPU
		{6F8C4CE6-856F-4403-9A15-470517440F83}.Release|x86.ActiveCfg = Release|Any CPU
		{6F8C4CE6-856F-4403-9A15-470517440F83}.Release|x86.Build.0 = Release|Any CPU
		{D4ED1F44-BC4D-47DB-A66A-F29A9B38B7C6}.Debug|Any CPU.ActiveCfg = Debug|Any CPU
		{D4ED1F44-BC4D-47DB-A66A-F29A9B38B7C6}.Debug|Any CPU.Build.0 = Debug|Any CPU
		{D4ED1F44-BC4D-47DB-A66A-F29A9B38B7C6}.Debug|x64.ActiveCfg = Debug|Any CPU
		{D4ED1F44-BC4D-47DB-A66A-F29A9B38B7C6}.Debug|x64.Build.0 = Debug|Any CPU
		{D4ED1F44-BC4D-47DB-A66A-F29A9B38B7C6}.Debug|x86.ActiveCfg = Debug|Any CPU
		{D4ED1F44-BC4D-47DB-A66A-F29A9B38B7C6}.Debug|x86.Build.0 = Debug|Any CPU
		{D4ED1F44-BC4D-47DB-A66A-F29A9B38B7C6}.Release|Any CPU.ActiveCfg = Release|Any CPU
		{D4ED1F44-BC4D-47DB-A66A-F29A9B38B7C6}.Release|Any CPU.Build.0 = Release|Any CPU
		{D4ED1F44-BC4D-47DB-A66A-F29A9B38B7C6}.Release|x64.ActiveCfg = Release|Any CPU
		{D4ED1F44-BC4D-47DB-A66A-F29A9B38B7C6}.Release|x64.Build.0 = Release|Any CPU
		{D4ED1F44-BC4D-47DB-A66A-F29A9B38B7C6}.Release|x86.ActiveCfg = Release|Any CPU
		{D4ED1F44-BC4D-47DB-A66A-F29A9B38B7C6}.Release|x86.Build.0 = Release|Any CPU
		{284BD376-2F4F-40AD-BA38-1FF4F8EDE67D}.Debug|Any CPU.ActiveCfg = Debug|Any CPU
		{284BD376-2F4F-40AD-BA38-1FF4F8EDE67D}.Debug|Any CPU.Build.0 = Debug|Any CPU
		{284BD376-2F4F-40AD-BA38-1FF4F8EDE67D}.Debug|x64.ActiveCfg = Debug|Any CPU
		{284BD376-2F4F-40AD-BA38-1FF4F8EDE67D}.Debug|x64.Build.0 = Debug|Any CPU
		{284BD376-2F4F-40AD-BA38-1FF4F8EDE67D}.Debug|x86.ActiveCfg = Debug|Any CPU
		{284BD376-2F4F-40AD-BA38-1FF4F8EDE67D}.Debug|x86.Build.0 = Debug|Any CPU
		{284BD376-2F4F-40AD-BA38-1FF4F8EDE67D}.Release|Any CPU.ActiveCfg = Release|Any CPU
		{284BD376-2F4F-40AD-BA38-1FF4F8EDE67D}.Release|Any CPU.Build.0 = Release|Any CPU
		{284BD376-2F4F-40AD-BA38-1FF4F8EDE67D}.Release|x64.ActiveCfg = Release|Any CPU
		{284BD376-2F4F-40AD-BA38-1FF4F8EDE67D}.Release|x64.Build.0 = Release|Any CPU
		{284BD376-2F4F-40AD-BA38-1FF4F8EDE67D}.Release|x86.ActiveCfg = Release|Any CPU
		{284BD376-2F4F-40AD-BA38-1FF4F8EDE67D}.Release|x86.Build.0 = Release|Any CPU
		{36FE70F2-BA69-49D6-8B9E-7EC5A2461E60}.Debug|Any CPU.ActiveCfg = Debug|Any CPU
		{36FE70F2-BA69-49D6-8B9E-7EC5A2461E60}.Debug|Any CPU.Build.0 = Debug|Any CPU
		{36FE70F2-BA69-49D6-8B9E-7EC5A2461E60}.Debug|x64.ActiveCfg = Debug|Any CPU
		{36FE70F2-BA69-49D6-8B9E-7EC5A2461E60}.Debug|x64.Build.0 = Debug|Any CPU
		{36FE70F2-BA69-49D6-8B9E-7EC5A2461E60}.Debug|x86.ActiveCfg = Debug|Any CPU
		{36FE70F2-BA69-49D6-8B9E-7EC5A2461E60}.Debug|x86.Build.0 = Debug|Any CPU
		{36FE70F2-BA69-49D6-8B9E-7EC5A2461E60}.Release|Any CPU.ActiveCfg = Release|Any CPU
		{36FE70F2-BA69-49D6-8B9E-7EC5A2461E60}.Release|Any CPU.Build.0 = Release|Any CPU
		{36FE70F2-BA69-49D6-8B9E-7EC5A2461E60}.Release|x64.ActiveCfg = Release|Any CPU
		{36FE70F2-BA69-49D6-8B9E-7EC5A2461E60}.Release|x64.Build.0 = Release|Any CPU
		{36FE70F2-BA69-49D6-8B9E-7EC5A2461E60}.Release|x86.ActiveCfg = Release|Any CPU
		{36FE70F2-BA69-49D6-8B9E-7EC5A2461E60}.Release|x86.Build.0 = Release|Any CPU
	EndGlobalSection
	GlobalSection(NestedProjects) = preSolution
		{F3406A55-75EB-4E13-8DCD-63F39C5DF948} = {75EB8B1B-CC1D-493D-9E6C-37F2BD33D611}
		{E1D2FE48-DE36-4A31-8263-7B269D809C79} = {75EB8B1B-CC1D-493D-9E6C-37F2BD33D611}
		{D6ADA963-02EF-4F96-B8F9-C87E43C3EC6E} = {75EB8B1B-CC1D-493D-9E6C-37F2BD33D611}
		{BFE5EB29-9251-40FB-84AE-EA469C86F8E6} = {75EB8B1B-CC1D-493D-9E6C-37F2BD33D611}
		{28578F4D-2600-48B3-9EB1-9AED2B9D866D} = {75EB8B1B-CC1D-493D-9E6C-37F2BD33D611}
		{7C0291E0-25DC-426D-95BF-DC9A8142B385} = {DB97B922-00E5-4293-965A-1BE0C857672B}
		{18B2A817-EA4D-47BB-A212-A267E76F013B} = {7C0291E0-25DC-426D-95BF-DC9A8142B385}
		{AB00F333-5CBE-4ADF-9AA0-80A027A4A705} = {18B2A817-EA4D-47BB-A212-A267E76F013B}
		{0B5E561A-8A51-4BE3-A7EE-08E04AFD817E} = {18B2A817-EA4D-47BB-A212-A267E76F013B}
		{71D13C87-8788-432C-89B8-A912B898078B} = {18B2A817-EA4D-47BB-A212-A267E76F013B}
		{68B90295-6AB7-4552-806C-80455E743ADA} = {18B2A817-EA4D-47BB-A212-A267E76F013B}
		{6F8C4CE6-856F-4403-9A15-470517440F83} = {18B2A817-EA4D-47BB-A212-A267E76F013B}
		{D4ED1F44-BC4D-47DB-A66A-F29A9B38B7C6} = {18B2A817-EA4D-47BB-A212-A267E76F013B}
		{284BD376-2F4F-40AD-BA38-1FF4F8EDE67D} = {18B2A817-EA4D-47BB-A212-A267E76F013B}
		{36FE70F2-BA69-49D6-8B9E-7EC5A2461E60} = {18B2A817-EA4D-47BB-A212-A267E76F013B}
	EndGlobalSection
EndGlobal
