
Microsoft Visual Studio Solution File, Format Version 12.00
# Visual Studio 15
VisualStudioVersion = 15.0.26124.0
MinimumVisualStudioVersion = 15.0.26124.0
Project("{2150E333-8FDC-42A3-9474-1A3956D46DE8}") = "src", "src", "{FEB5B73F-21AE-418D-8CA8-DB5DB8BDAB1E}"
EndProject
Project("{FAE04EC0-301F-11D3-BF4B-00C04F79EFBC}") = "Bunnypro.GeneticAlgorithm.Abstractions", "src\Abstractions\Bunnypro.GeneticAlgorithm.Abstractions.csproj", "{122EB974-B9E8-49A2-A255-6BFC9032ADF7}"
EndProject
Project("{FAE04EC0-301F-11D3-BF4B-00C04F79EFBC}") = "Bunnypro.GeneticAlgorithm.Core", "src\Core\Bunnypro.GeneticAlgorithm.Core.csproj", "{6BA0DE54-3B7B-43C1-BDE4-83DE971AE6B3}"
EndProject
Project("{FAE04EC0-301F-11D3-BF4B-00C04F79EFBC}") = "Bunnypro.GeneticAlgorithm.Extensions", "src\Extensions\Bunnypro.GeneticAlgorithm.Extensions.csproj", "{69F4BC9A-41EF-417D-8560-936ED3AA1593}"
EndProject
Project("{FAE04EC0-301F-11D3-BF4B-00C04F79EFBC}") = "Bunnypro.GeneticAlgorithm.MultiObjective.Abstractions", "src\MultiObjective.Abstractions\Bunnypro.GeneticAlgorithm.MultiObjective.Abstractions.csproj", "{C5E28856-D7D9-437A-B184-1998C5DF8F76}"
EndProject
Project("{FAE04EC0-301F-11D3-BF4B-00C04F79EFBC}") = "Bunnypro.GeneticAlgorithm.MultiObjective.Core", "src\MultiObjective.Core\Bunnypro.GeneticAlgorithm.MultiObjective.Core.csproj", "{B816E28F-C406-476D-B073-3DD0E4B16580}"
EndProject
Project("{FAE04EC0-301F-11D3-BF4B-00C04F79EFBC}") = "Bunnypro.GeneticAlgorithm.MultiObjective.NSGA2", "src\MultiObjective.NSGA2\Bunnypro.GeneticAlgorithm.MultiObjective.NSGA2.csproj", "{18665807-54BD-4426-BC56-D9B4E144AF12}"
EndProject
Project("{FAE04EC0-301F-11D3-BF4B-00C04F79EFBC}") = "Bunnypro.GeneticAlgorithm.MultiObjective.Primitives", "src\MultiObjective.Primitives\Bunnypro.GeneticAlgorithm.MultiObjective.Primitives.csproj", "{3C3AC730-648F-452F-8E6C-D4C12B416AA9}"
EndProject
Project("{FAE04EC0-301F-11D3-BF4B-00C04F79EFBC}") = "Bunnypro.GeneticAlgorithm.Primitives", "src\Primitives\Bunnypro.GeneticAlgorithm.Primitives.csproj", "{E310057A-9F0D-4CA0-82EF-526005C41E1F}"
EndProject
Project("{2150E333-8FDC-42A3-9474-1A3956D46DE8}") = "utility", "utility", "{91BFB3EF-4806-49FD-BDBC-370D0166BE3A}"
EndProject
Project("{FAE04EC0-301F-11D3-BF4B-00C04F79EFBC}") = "Bunnypro.Enumerable.Chunk", "utility\Bunnypro.Enumerable.Chunk\Bunnypro.Enumerable.Chunk.csproj", "{0C4E489A-59B9-4599-A271-43D34F554186}"
EndProject
Project("{FAE04EC0-301F-11D3-BF4B-00C04F79EFBC}") = "Bunnypro.Enumerable.Chunk.Test", "utility\Bunnypro.Enumerable.Chunk.Test\Bunnypro.Enumerable.Chunk.Test.csproj", "{62383165-0454-4F76-BB78-BEE7372D8E3E}"
EndProject
Project("{FAE04EC0-301F-11D3-BF4B-00C04F79EFBC}") = "Bunnypro.Enumerable.Combine", "utility\Bunnypro.Enumerable.Combine\Bunnypro.Enumerable.Combine.csproj", "{5479B0F8-3C4B-45E2-8DA2-344DAFDF90F9}"
EndProject
Project("{FAE04EC0-301F-11D3-BF4B-00C04F79EFBC}") = "Bunnypro.Enumerable.Combine.Test", "utility\Bunnypro.Enumerable.Combine.Test\Bunnypro.Enumerable.Combine.Test.csproj", "{7AC2EE42-2B63-4D9D-AC6E-18F7B967EA46}"
EndProject
Project("{2150E333-8FDC-42A3-9474-1A3956D46DE8}") = "thesis", "thesis", "{9FBDCB77-0076-45CB-83FB-2623BDA7E39C}"
EndProject
Project("{2150E333-8FDC-42A3-9474-1A3956D46DE8}") = "src", "src", "{CC888DA2-C11B-4051-AAE8-6C454A13A232}"
EndProject
Project("{FAE04EC0-301F-11D3-BF4B-00C04F79EFBC}") = "Albar.AssistantAssignment.Abstractions", "thesis\src\Albar.AssistantAssignment.Abstractions\Albar.AssistantAssignment.Abstractions.csproj", "{DD220646-6EB7-4893-A0FF-FB308CDD4933}"
EndProject
Project("{FAE04EC0-301F-11D3-BF4B-00C04F79EFBC}") = "Albar.AssistantAssignment.Algorithm", "thesis\src\Albar.AssistantAssignment.Algorithm\Albar.AssistantAssignment.Algorithm.csproj", "{9F664E16-4EC7-497C-BF8C-A2879011DB55}"
EndProject
Project("{FAE04EC0-301F-11D3-BF4B-00C04F79EFBC}") = "Albar.AssistantAssignment.ConsoleApp", "thesis\src\Albar.AssistantAssignment.ConsoleApp\Albar.AssistantAssignment.ConsoleApp.csproj", "{D3A8592F-68B4-41AE-92A7-013C95D4615A}"
EndProject
Project("{FAE04EC0-301F-11D3-BF4B-00C04F79EFBC}") = "Albar.AssistantAssignment.DataAbstractions", "thesis\src\Albar.AssistantAssignment.DataAbstractions\Albar.AssistantAssignment.DataAbstractions.csproj", "{5AA8FF50-A5C1-49CD-847A-51B81C648066}"
EndProject
Project("{FAE04EC0-301F-11D3-BF4B-00C04F79EFBC}") = "Albar.AssistantAssignment.ThesisSpecificImplementation", "thesis\src\Albar.AssistantAssignment.ThesisSpecificImplementation\Albar.AssistantAssignment.ThesisSpecificImplementation.csproj", "{A8FD5ABB-CCD8-4591-B20E-5EFF0283AEF4}"
EndProject
Project("{FAE04EC0-301F-11D3-BF4B-00C04F79EFBC}") = "Bunnypro.Enumerable.Utility", "utility\Bunnypro.Enumerable.Utility\Bunnypro.Enumerable.Utility.csproj", "{F841A664-2E75-4873-9ED6-66C1F4DA739B}"
EndProject
Project("{FAE04EC0-301F-11D3-BF4B-00C04F79EFBC}") = "Albar.AssistantAssignment.WebApp", "thesis\src\Albar.AssistantAssignment.WebApp\Albar.AssistantAssignment.WebApp.csproj", "{63DAB558-FA39-49BF-BEB0-60FF201666B3}"
EndProject
Project("{FAE04EC0-301F-11D3-BF4B-00C04F79EFBC}") = "Albar.AssistantAssignment.Parsing", "thesis\src\Albar.AssistantAssignment.Parsing\Albar.AssistantAssignment.Parsing.csproj", "{0173E11D-1C49-4AD7-A2AF-5C4BEFDBD7E9}"
EndProject
Global
	GlobalSection(SolutionConfigurationPlatforms) = preSolution
		Debug|Any CPU = Debug|Any CPU
		Debug|x64 = Debug|x64
		Debug|x86 = Debug|x86
		Release|Any CPU = Release|Any CPU
		Release|x64 = Release|x64
		Release|x86 = Release|x86
	EndGlobalSection
	GlobalSection(SolutionProperties) = preSolution
		HideSolutionNode = FALSE
	EndGlobalSection
	GlobalSection(ProjectConfigurationPlatforms) = postSolution
		{122EB974-B9E8-49A2-A255-6BFC9032ADF7}.Debug|Any CPU.ActiveCfg = Debug|Any CPU
		{122EB974-B9E8-49A2-A255-6BFC9032ADF7}.Debug|Any CPU.Build.0 = Debug|Any CPU
		{122EB974-B9E8-49A2-A255-6BFC9032ADF7}.Debug|x64.ActiveCfg = Debug|Any CPU
		{122EB974-B9E8-49A2-A255-6BFC9032ADF7}.Debug|x64.Build.0 = Debug|Any CPU
		{122EB974-B9E8-49A2-A255-6BFC9032ADF7}.Debug|x86.ActiveCfg = Debug|Any CPU
		{122EB974-B9E8-49A2-A255-6BFC9032ADF7}.Debug|x86.Build.0 = Debug|Any CPU
		{122EB974-B9E8-49A2-A255-6BFC9032ADF7}.Release|Any CPU.ActiveCfg = Release|Any CPU
		{122EB974-B9E8-49A2-A255-6BFC9032ADF7}.Release|Any CPU.Build.0 = Release|Any CPU
		{122EB974-B9E8-49A2-A255-6BFC9032ADF7}.Release|x64.ActiveCfg = Release|Any CPU
		{122EB974-B9E8-49A2-A255-6BFC9032ADF7}.Release|x64.Build.0 = Release|Any CPU
		{122EB974-B9E8-49A2-A255-6BFC9032ADF7}.Release|x86.ActiveCfg = Release|Any CPU
		{122EB974-B9E8-49A2-A255-6BFC9032ADF7}.Release|x86.Build.0 = Release|Any CPU
		{6BA0DE54-3B7B-43C1-BDE4-83DE971AE6B3}.Debug|Any CPU.ActiveCfg = Debug|Any CPU
		{6BA0DE54-3B7B-43C1-BDE4-83DE971AE6B3}.Debug|Any CPU.Build.0 = Debug|Any CPU
		{6BA0DE54-3B7B-43C1-BDE4-83DE971AE6B3}.Debug|x64.ActiveCfg = Debug|Any CPU
		{6BA0DE54-3B7B-43C1-BDE4-83DE971AE6B3}.Debug|x64.Build.0 = Debug|Any CPU
		{6BA0DE54-3B7B-43C1-BDE4-83DE971AE6B3}.Debug|x86.ActiveCfg = Debug|Any CPU
		{6BA0DE54-3B7B-43C1-BDE4-83DE971AE6B3}.Debug|x86.Build.0 = Debug|Any CPU
		{6BA0DE54-3B7B-43C1-BDE4-83DE971AE6B3}.Release|Any CPU.ActiveCfg = Release|Any CPU
		{6BA0DE54-3B7B-43C1-BDE4-83DE971AE6B3}.Release|Any CPU.Build.0 = Release|Any CPU
		{6BA0DE54-3B7B-43C1-BDE4-83DE971AE6B3}.Release|x64.ActiveCfg = Release|Any CPU
		{6BA0DE54-3B7B-43C1-BDE4-83DE971AE6B3}.Release|x64.Build.0 = Release|Any CPU
		{6BA0DE54-3B7B-43C1-BDE4-83DE971AE6B3}.Release|x86.ActiveCfg = Release|Any CPU
		{6BA0DE54-3B7B-43C1-BDE4-83DE971AE6B3}.Release|x86.Build.0 = Release|Any CPU
		{69F4BC9A-41EF-417D-8560-936ED3AA1593}.Debug|Any CPU.ActiveCfg = Debug|Any CPU
		{69F4BC9A-41EF-417D-8560-936ED3AA1593}.Debug|Any CPU.Build.0 = Debug|Any CPU
		{69F4BC9A-41EF-417D-8560-936ED3AA1593}.Debug|x64.ActiveCfg = Debug|Any CPU
		{69F4BC9A-41EF-417D-8560-936ED3AA1593}.Debug|x64.Build.0 = Debug|Any CPU
		{69F4BC9A-41EF-417D-8560-936ED3AA1593}.Debug|x86.ActiveCfg = Debug|Any CPU
		{69F4BC9A-41EF-417D-8560-936ED3AA1593}.Debug|x86.Build.0 = Debug|Any CPU
		{69F4BC9A-41EF-417D-8560-936ED3AA1593}.Release|Any CPU.ActiveCfg = Release|Any CPU
		{69F4BC9A-41EF-417D-8560-936ED3AA1593}.Release|Any CPU.Build.0 = Release|Any CPU
		{69F4BC9A-41EF-417D-8560-936ED3AA1593}.Release|x64.ActiveCfg = Release|Any CPU
		{69F4BC9A-41EF-417D-8560-936ED3AA1593}.Release|x64.Build.0 = Release|Any CPU
		{69F4BC9A-41EF-417D-8560-936ED3AA1593}.Release|x86.ActiveCfg = Release|Any CPU
		{69F4BC9A-41EF-417D-8560-936ED3AA1593}.Release|x86.Build.0 = Release|Any CPU
		{C5E28856-D7D9-437A-B184-1998C5DF8F76}.Debug|Any CPU.ActiveCfg = Debug|Any CPU
		{C5E28856-D7D9-437A-B184-1998C5DF8F76}.Debug|Any CPU.Build.0 = Debug|Any CPU
		{C5E28856-D7D9-437A-B184-1998C5DF8F76}.Debug|x64.ActiveCfg = Debug|Any CPU
		{C5E28856-D7D9-437A-B184-1998C5DF8F76}.Debug|x64.Build.0 = Debug|Any CPU
		{C5E28856-D7D9-437A-B184-1998C5DF8F76}.Debug|x86.ActiveCfg = Debug|Any CPU
		{C5E28856-D7D9-437A-B184-1998C5DF8F76}.Debug|x86.Build.0 = Debug|Any CPU
		{C5E28856-D7D9-437A-B184-1998C5DF8F76}.Release|Any CPU.ActiveCfg = Release|Any CPU
		{C5E28856-D7D9-437A-B184-1998C5DF8F76}.Release|Any CPU.Build.0 = Release|Any CPU
		{C5E28856-D7D9-437A-B184-1998C5DF8F76}.Release|x64.ActiveCfg = Release|Any CPU
		{C5E28856-D7D9-437A-B184-1998C5DF8F76}.Release|x64.Build.0 = Release|Any CPU
		{C5E28856-D7D9-437A-B184-1998C5DF8F76}.Release|x86.ActiveCfg = Release|Any CPU
		{C5E28856-D7D9-437A-B184-1998C5DF8F76}.Release|x86.Build.0 = Release|Any CPU
		{B816E28F-C406-476D-B073-3DD0E4B16580}.Debug|Any CPU.ActiveCfg = Debug|Any CPU
		{B816E28F-C406-476D-B073-3DD0E4B16580}.Debug|Any CPU.Build.0 = Debug|Any CPU
		{B816E28F-C406-476D-B073-3DD0E4B16580}.Debug|x64.ActiveCfg = Debug|Any CPU
		{B816E28F-C406-476D-B073-3DD0E4B16580}.Debug|x64.Build.0 = Debug|Any CPU
		{B816E28F-C406-476D-B073-3DD0E4B16580}.Debug|x86.ActiveCfg = Debug|Any CPU
		{B816E28F-C406-476D-B073-3DD0E4B16580}.Debug|x86.Build.0 = Debug|Any CPU
		{B816E28F-C406-476D-B073-3DD0E4B16580}.Release|Any CPU.ActiveCfg = Release|Any CPU
		{B816E28F-C406-476D-B073-3DD0E4B16580}.Release|Any CPU.Build.0 = Release|Any CPU
		{B816E28F-C406-476D-B073-3DD0E4B16580}.Release|x64.ActiveCfg = Release|Any CPU
		{B816E28F-C406-476D-B073-3DD0E4B16580}.Release|x64.Build.0 = Release|Any CPU
		{B816E28F-C406-476D-B073-3DD0E4B16580}.Release|x86.ActiveCfg = Release|Any CPU
		{B816E28F-C406-476D-B073-3DD0E4B16580}.Release|x86.Build.0 = Release|Any CPU
		{18665807-54BD-4426-BC56-D9B4E144AF12}.Debug|Any CPU.ActiveCfg = Debug|Any CPU
		{18665807-54BD-4426-BC56-D9B4E144AF12}.Debug|Any CPU.Build.0 = Debug|Any CPU
		{18665807-54BD-4426-BC56-D9B4E144AF12}.Debug|x64.ActiveCfg = Debug|Any CPU
		{18665807-54BD-4426-BC56-D9B4E144AF12}.Debug|x64.Build.0 = Debug|Any CPU
		{18665807-54BD-4426-BC56-D9B4E144AF12}.Debug|x86.ActiveCfg = Debug|Any CPU
		{18665807-54BD-4426-BC56-D9B4E144AF12}.Debug|x86.Build.0 = Debug|Any CPU
		{18665807-54BD-4426-BC56-D9B4E144AF12}.Release|Any CPU.ActiveCfg = Release|Any CPU
		{18665807-54BD-4426-BC56-D9B4E144AF12}.Release|Any CPU.Build.0 = Release|Any CPU
		{18665807-54BD-4426-BC56-D9B4E144AF12}.Release|x64.ActiveCfg = Release|Any CPU
		{18665807-54BD-4426-BC56-D9B4E144AF12}.Release|x64.Build.0 = Release|Any CPU
		{18665807-54BD-4426-BC56-D9B4E144AF12}.Release|x86.ActiveCfg = Release|Any CPU
		{18665807-54BD-4426-BC56-D9B4E144AF12}.Release|x86.Build.0 = Release|Any CPU
		{3C3AC730-648F-452F-8E6C-D4C12B416AA9}.Debug|Any CPU.ActiveCfg = Debug|Any CPU
		{3C3AC730-648F-452F-8E6C-D4C12B416AA9}.Debug|Any CPU.Build.0 = Debug|Any CPU
		{3C3AC730-648F-452F-8E6C-D4C12B416AA9}.Debug|x64.ActiveCfg = Debug|Any CPU
		{3C3AC730-648F-452F-8E6C-D4C12B416AA9}.Debug|x64.Build.0 = Debug|Any CPU
		{3C3AC730-648F-452F-8E6C-D4C12B416AA9}.Debug|x86.ActiveCfg = Debug|Any CPU
		{3C3AC730-648F-452F-8E6C-D4C12B416AA9}.Debug|x86.Build.0 = Debug|Any CPU
		{3C3AC730-648F-452F-8E6C-D4C12B416AA9}.Release|Any CPU.ActiveCfg = Release|Any CPU
		{3C3AC730-648F-452F-8E6C-D4C12B416AA9}.Release|Any CPU.Build.0 = Release|Any CPU
		{3C3AC730-648F-452F-8E6C-D4C12B416AA9}.Release|x64.ActiveCfg = Release|Any CPU
		{3C3AC730-648F-452F-8E6C-D4C12B416AA9}.Release|x64.Build.0 = Release|Any CPU
		{3C3AC730-648F-452F-8E6C-D4C12B416AA9}.Release|x86.ActiveCfg = Release|Any CPU
		{3C3AC730-648F-452F-8E6C-D4C12B416AA9}.Release|x86.Build.0 = Release|Any CPU
		{E310057A-9F0D-4CA0-82EF-526005C41E1F}.Debug|Any CPU.ActiveCfg = Debug|Any CPU
		{E310057A-9F0D-4CA0-82EF-526005C41E1F}.Debug|Any CPU.Build.0 = Debug|Any CPU
		{E310057A-9F0D-4CA0-82EF-526005C41E1F}.Debug|x64.ActiveCfg = Debug|Any CPU
		{E310057A-9F0D-4CA0-82EF-526005C41E1F}.Debug|x64.Build.0 = Debug|Any CPU
		{E310057A-9F0D-4CA0-82EF-526005C41E1F}.Debug|x86.ActiveCfg = Debug|Any CPU
		{E310057A-9F0D-4CA0-82EF-526005C41E1F}.Debug|x86.Build.0 = Debug|Any CPU
		{E310057A-9F0D-4CA0-82EF-526005C41E1F}.Release|Any CPU.ActiveCfg = Release|Any CPU
		{E310057A-9F0D-4CA0-82EF-526005C41E1F}.Release|Any CPU.Build.0 = Release|Any CPU
		{E310057A-9F0D-4CA0-82EF-526005C41E1F}.Release|x64.ActiveCfg = Release|Any CPU
		{E310057A-9F0D-4CA0-82EF-526005C41E1F}.Release|x64.Build.0 = Release|Any CPU
		{E310057A-9F0D-4CA0-82EF-526005C41E1F}.Release|x86.ActiveCfg = Release|Any CPU
		{E310057A-9F0D-4CA0-82EF-526005C41E1F}.Release|x86.Build.0 = Release|Any CPU
		{0C4E489A-59B9-4599-A271-43D34F554186}.Debug|Any CPU.ActiveCfg = Debug|Any CPU
		{0C4E489A-59B9-4599-A271-43D34F554186}.Debug|Any CPU.Build.0 = Debug|Any CPU
		{0C4E489A-59B9-4599-A271-43D34F554186}.Debug|x64.ActiveCfg = Debug|Any CPU
		{0C4E489A-59B9-4599-A271-43D34F554186}.Debug|x64.Build.0 = Debug|Any CPU
		{0C4E489A-59B9-4599-A271-43D34F554186}.Debug|x86.ActiveCfg = Debug|Any CPU
		{0C4E489A-59B9-4599-A271-43D34F554186}.Debug|x86.Build.0 = Debug|Any CPU
		{0C4E489A-59B9-4599-A271-43D34F554186}.Release|Any CPU.ActiveCfg = Release|Any CPU
		{0C4E489A-59B9-4599-A271-43D34F554186}.Release|Any CPU.Build.0 = Release|Any CPU
		{0C4E489A-59B9-4599-A271-43D34F554186}.Release|x64.ActiveCfg = Release|Any CPU
		{0C4E489A-59B9-4599-A271-43D34F554186}.Release|x64.Build.0 = Release|Any CPU
		{0C4E489A-59B9-4599-A271-43D34F554186}.Release|x86.ActiveCfg = Release|Any CPU
		{0C4E489A-59B9-4599-A271-43D34F554186}.Release|x86.Build.0 = Release|Any CPU
		{62383165-0454-4F76-BB78-BEE7372D8E3E}.Debug|Any CPU.ActiveCfg = Debug|Any CPU
		{62383165-0454-4F76-BB78-BEE7372D8E3E}.Debug|Any CPU.Build.0 = Debug|Any CPU
		{62383165-0454-4F76-BB78-BEE7372D8E3E}.Debug|x64.ActiveCfg = Debug|Any CPU
		{62383165-0454-4F76-BB78-BEE7372D8E3E}.Debug|x64.Build.0 = Debug|Any CPU
		{62383165-0454-4F76-BB78-BEE7372D8E3E}.Debug|x86.ActiveCfg = Debug|Any CPU
		{62383165-0454-4F76-BB78-BEE7372D8E3E}.Debug|x86.Build.0 = Debug|Any CPU
		{62383165-0454-4F76-BB78-BEE7372D8E3E}.Release|Any CPU.ActiveCfg = Release|Any CPU
		{62383165-0454-4F76-BB78-BEE7372D8E3E}.Release|Any CPU.Build.0 = Release|Any CPU
		{62383165-0454-4F76-BB78-BEE7372D8E3E}.Release|x64.ActiveCfg = Release|Any CPU
		{62383165-0454-4F76-BB78-BEE7372D8E3E}.Release|x64.Build.0 = Release|Any CPU
		{62383165-0454-4F76-BB78-BEE7372D8E3E}.Release|x86.ActiveCfg = Release|Any CPU
		{62383165-0454-4F76-BB78-BEE7372D8E3E}.Release|x86.Build.0 = Release|Any CPU
		{5479B0F8-3C4B-45E2-8DA2-344DAFDF90F9}.Debug|Any CPU.ActiveCfg = Debug|Any CPU
		{5479B0F8-3C4B-45E2-8DA2-344DAFDF90F9}.Debug|Any CPU.Build.0 = Debug|Any CPU
		{5479B0F8-3C4B-45E2-8DA2-344DAFDF90F9}.Debug|x64.ActiveCfg = Debug|Any CPU
		{5479B0F8-3C4B-45E2-8DA2-344DAFDF90F9}.Debug|x64.Build.0 = Debug|Any CPU
		{5479B0F8-3C4B-45E2-8DA2-344DAFDF90F9}.Debug|x86.ActiveCfg = Debug|Any CPU
		{5479B0F8-3C4B-45E2-8DA2-344DAFDF90F9}.Debug|x86.Build.0 = Debug|Any CPU
		{5479B0F8-3C4B-45E2-8DA2-344DAFDF90F9}.Release|Any CPU.ActiveCfg = Release|Any CPU
		{5479B0F8-3C4B-45E2-8DA2-344DAFDF90F9}.Release|Any CPU.Build.0 = Release|Any CPU
		{5479B0F8-3C4B-45E2-8DA2-344DAFDF90F9}.Release|x64.ActiveCfg = Release|Any CPU
		{5479B0F8-3C4B-45E2-8DA2-344DAFDF90F9}.Release|x64.Build.0 = Release|Any CPU
		{5479B0F8-3C4B-45E2-8DA2-344DAFDF90F9}.Release|x86.ActiveCfg = Release|Any CPU
		{5479B0F8-3C4B-45E2-8DA2-344DAFDF90F9}.Release|x86.Build.0 = Release|Any CPU
		{7AC2EE42-2B63-4D9D-AC6E-18F7B967EA46}.Debug|Any CPU.ActiveCfg = Debug|Any CPU
		{7AC2EE42-2B63-4D9D-AC6E-18F7B967EA46}.Debug|Any CPU.Build.0 = Debug|Any CPU
		{7AC2EE42-2B63-4D9D-AC6E-18F7B967EA46}.Debug|x64.ActiveCfg = Debug|Any CPU
		{7AC2EE42-2B63-4D9D-AC6E-18F7B967EA46}.Debug|x64.Build.0 = Debug|Any CPU
		{7AC2EE42-2B63-4D9D-AC6E-18F7B967EA46}.Debug|x86.ActiveCfg = Debug|Any CPU
		{7AC2EE42-2B63-4D9D-AC6E-18F7B967EA46}.Debug|x86.Build.0 = Debug|Any CPU
		{7AC2EE42-2B63-4D9D-AC6E-18F7B967EA46}.Release|Any CPU.ActiveCfg = Release|Any CPU
		{7AC2EE42-2B63-4D9D-AC6E-18F7B967EA46}.Release|Any CPU.Build.0 = Release|Any CPU
		{7AC2EE42-2B63-4D9D-AC6E-18F7B967EA46}.Release|x64.ActiveCfg = Release|Any CPU
		{7AC2EE42-2B63-4D9D-AC6E-18F7B967EA46}.Release|x64.Build.0 = Release|Any CPU
		{7AC2EE42-2B63-4D9D-AC6E-18F7B967EA46}.Release|x86.ActiveCfg = Release|Any CPU
		{7AC2EE42-2B63-4D9D-AC6E-18F7B967EA46}.Release|x86.Build.0 = Release|Any CPU
		{DD220646-6EB7-4893-A0FF-FB308CDD4933}.Debug|Any CPU.ActiveCfg = Debug|Any CPU
		{DD220646-6EB7-4893-A0FF-FB308CDD4933}.Debug|Any CPU.Build.0 = Debug|Any CPU
		{DD220646-6EB7-4893-A0FF-FB308CDD4933}.Debug|x64.ActiveCfg = Debug|Any CPU
		{DD220646-6EB7-4893-A0FF-FB308CDD4933}.Debug|x64.Build.0 = Debug|Any CPU
		{DD220646-6EB7-4893-A0FF-FB308CDD4933}.Debug|x86.ActiveCfg = Debug|Any CPU
		{DD220646-6EB7-4893-A0FF-FB308CDD4933}.Debug|x86.Build.0 = Debug|Any CPU
		{DD220646-6EB7-4893-A0FF-FB308CDD4933}.Release|Any CPU.ActiveCfg = Release|Any CPU
		{DD220646-6EB7-4893-A0FF-FB308CDD4933}.Release|Any CPU.Build.0 = Release|Any CPU
		{DD220646-6EB7-4893-A0FF-FB308CDD4933}.Release|x64.ActiveCfg = Release|Any CPU
		{DD220646-6EB7-4893-A0FF-FB308CDD4933}.Release|x64.Build.0 = Release|Any CPU
		{DD220646-6EB7-4893-A0FF-FB308CDD4933}.Release|x86.ActiveCfg = Release|Any CPU
		{DD220646-6EB7-4893-A0FF-FB308CDD4933}.Release|x86.Build.0 = Release|Any CPU
		{9F664E16-4EC7-497C-BF8C-A2879011DB55}.Debug|Any CPU.ActiveCfg = Debug|Any CPU
		{9F664E16-4EC7-497C-BF8C-A2879011DB55}.Debug|Any CPU.Build.0 = Debug|Any CPU
		{9F664E16-4EC7-497C-BF8C-A2879011DB55}.Debug|x64.ActiveCfg = Debug|Any CPU
		{9F664E16-4EC7-497C-BF8C-A2879011DB55}.Debug|x64.Build.0 = Debug|Any CPU
		{9F664E16-4EC7-497C-BF8C-A2879011DB55}.Debug|x86.ActiveCfg = Debug|Any CPU
		{9F664E16-4EC7-497C-BF8C-A2879011DB55}.Debug|x86.Build.0 = Debug|Any CPU
		{9F664E16-4EC7-497C-BF8C-A2879011DB55}.Release|Any CPU.ActiveCfg = Release|Any CPU
		{9F664E16-4EC7-497C-BF8C-A2879011DB55}.Release|Any CPU.Build.0 = Release|Any CPU
		{9F664E16-4EC7-497C-BF8C-A2879011DB55}.Release|x64.ActiveCfg = Release|Any CPU
		{9F664E16-4EC7-497C-BF8C-A2879011DB55}.Release|x64.Build.0 = Release|Any CPU
		{9F664E16-4EC7-497C-BF8C-A2879011DB55}.Release|x86.ActiveCfg = Release|Any CPU
		{9F664E16-4EC7-497C-BF8C-A2879011DB55}.Release|x86.Build.0 = Release|Any CPU
		{D3A8592F-68B4-41AE-92A7-013C95D4615A}.Debug|Any CPU.ActiveCfg = Debug|Any CPU
		{D3A8592F-68B4-41AE-92A7-013C95D4615A}.Debug|Any CPU.Build.0 = Debug|Any CPU
		{D3A8592F-68B4-41AE-92A7-013C95D4615A}.Debug|x64.ActiveCfg = Debug|Any CPU
		{D3A8592F-68B4-41AE-92A7-013C95D4615A}.Debug|x64.Build.0 = Debug|Any CPU
		{D3A8592F-68B4-41AE-92A7-013C95D4615A}.Debug|x86.ActiveCfg = Debug|Any CPU
		{D3A8592F-68B4-41AE-92A7-013C95D4615A}.Debug|x86.Build.0 = Debug|Any CPU
		{D3A8592F-68B4-41AE-92A7-013C95D4615A}.Release|Any CPU.ActiveCfg = Release|Any CPU
		{D3A8592F-68B4-41AE-92A7-013C95D4615A}.Release|Any CPU.Build.0 = Release|Any CPU
		{D3A8592F-68B4-41AE-92A7-013C95D4615A}.Release|x64.ActiveCfg = Release|Any CPU
		{D3A8592F-68B4-41AE-92A7-013C95D4615A}.Release|x64.Build.0 = Release|Any CPU
		{D3A8592F-68B4-41AE-92A7-013C95D4615A}.Release|x86.ActiveCfg = Release|Any CPU
		{D3A8592F-68B4-41AE-92A7-013C95D4615A}.Release|x86.Build.0 = Release|Any CPU
		{5AA8FF50-A5C1-49CD-847A-51B81C648066}.Debug|Any CPU.ActiveCfg = Debug|Any CPU
		{5AA8FF50-A5C1-49CD-847A-51B81C648066}.Debug|Any CPU.Build.0 = Debug|Any CPU
		{5AA8FF50-A5C1-49CD-847A-51B81C648066}.Debug|x64.ActiveCfg = Debug|Any CPU
		{5AA8FF50-A5C1-49CD-847A-51B81C648066}.Debug|x64.Build.0 = Debug|Any CPU
		{5AA8FF50-A5C1-49CD-847A-51B81C648066}.Debug|x86.ActiveCfg = Debug|Any CPU
		{5AA8FF50-A5C1-49CD-847A-51B81C648066}.Debug|x86.Build.0 = Debug|Any CPU
		{5AA8FF50-A5C1-49CD-847A-51B81C648066}.Release|Any CPU.ActiveCfg = Release|Any CPU
		{5AA8FF50-A5C1-49CD-847A-51B81C648066}.Release|Any CPU.Build.0 = Release|Any CPU
		{5AA8FF50-A5C1-49CD-847A-51B81C648066}.Release|x64.ActiveCfg = Release|Any CPU
		{5AA8FF50-A5C1-49CD-847A-51B81C648066}.Release|x64.Build.0 = Release|Any CPU
		{5AA8FF50-A5C1-49CD-847A-51B81C648066}.Release|x86.ActiveCfg = Release|Any CPU
		{5AA8FF50-A5C1-49CD-847A-51B81C648066}.Release|x86.Build.0 = Release|Any CPU
		{A8FD5ABB-CCD8-4591-B20E-5EFF0283AEF4}.Debug|Any CPU.ActiveCfg = Debug|Any CPU
		{A8FD5ABB-CCD8-4591-B20E-5EFF0283AEF4}.Debug|Any CPU.Build.0 = Debug|Any CPU
		{A8FD5ABB-CCD8-4591-B20E-5EFF0283AEF4}.Debug|x64.ActiveCfg = Debug|Any CPU
		{A8FD5ABB-CCD8-4591-B20E-5EFF0283AEF4}.Debug|x64.Build.0 = Debug|Any CPU
		{A8FD5ABB-CCD8-4591-B20E-5EFF0283AEF4}.Debug|x86.ActiveCfg = Debug|Any CPU
		{A8FD5ABB-CCD8-4591-B20E-5EFF0283AEF4}.Debug|x86.Build.0 = Debug|Any CPU
		{A8FD5ABB-CCD8-4591-B20E-5EFF0283AEF4}.Release|Any CPU.ActiveCfg = Release|Any CPU
		{A8FD5ABB-CCD8-4591-B20E-5EFF0283AEF4}.Release|Any CPU.Build.0 = Release|Any CPU
		{A8FD5ABB-CCD8-4591-B20E-5EFF0283AEF4}.Release|x64.ActiveCfg = Release|Any CPU
		{A8FD5ABB-CCD8-4591-B20E-5EFF0283AEF4}.Release|x64.Build.0 = Release|Any CPU
		{A8FD5ABB-CCD8-4591-B20E-5EFF0283AEF4}.Release|x86.ActiveCfg = Release|Any CPU
		{A8FD5ABB-CCD8-4591-B20E-5EFF0283AEF4}.Release|x86.Build.0 = Release|Any CPU
		{F841A664-2E75-4873-9ED6-66C1F4DA739B}.Debug|Any CPU.ActiveCfg = Debug|Any CPU
		{F841A664-2E75-4873-9ED6-66C1F4DA739B}.Debug|Any CPU.Build.0 = Debug|Any CPU
		{F841A664-2E75-4873-9ED6-66C1F4DA739B}.Debug|x64.ActiveCfg = Debug|Any CPU
		{F841A664-2E75-4873-9ED6-66C1F4DA739B}.Debug|x64.Build.0 = Debug|Any CPU
		{F841A664-2E75-4873-9ED6-66C1F4DA739B}.Debug|x86.ActiveCfg = Debug|Any CPU
		{F841A664-2E75-4873-9ED6-66C1F4DA739B}.Debug|x86.Build.0 = Debug|Any CPU
		{F841A664-2E75-4873-9ED6-66C1F4DA739B}.Release|Any CPU.ActiveCfg = Release|Any CPU
		{F841A664-2E75-4873-9ED6-66C1F4DA739B}.Release|Any CPU.Build.0 = Release|Any CPU
		{F841A664-2E75-4873-9ED6-66C1F4DA739B}.Release|x64.ActiveCfg = Release|Any CPU
		{F841A664-2E75-4873-9ED6-66C1F4DA739B}.Release|x64.Build.0 = Release|Any CPU
		{F841A664-2E75-4873-9ED6-66C1F4DA739B}.Release|x86.ActiveCfg = Release|Any CPU
		{F841A664-2E75-4873-9ED6-66C1F4DA739B}.Release|x86.Build.0 = Release|Any CPU
		{63DAB558-FA39-49BF-BEB0-60FF201666B3}.Debug|Any CPU.ActiveCfg = Debug|Any CPU
		{63DAB558-FA39-49BF-BEB0-60FF201666B3}.Debug|Any CPU.Build.0 = Debug|Any CPU
		{63DAB558-FA39-49BF-BEB0-60FF201666B3}.Debug|x64.ActiveCfg = Debug|Any CPU
		{63DAB558-FA39-49BF-BEB0-60FF201666B3}.Debug|x64.Build.0 = Debug|Any CPU
		{63DAB558-FA39-49BF-BEB0-60FF201666B3}.Debug|x86.ActiveCfg = Debug|Any CPU
		{63DAB558-FA39-49BF-BEB0-60FF201666B3}.Debug|x86.Build.0 = Debug|Any CPU
		{63DAB558-FA39-49BF-BEB0-60FF201666B3}.Release|Any CPU.ActiveCfg = Release|Any CPU
		{63DAB558-FA39-49BF-BEB0-60FF201666B3}.Release|Any CPU.Build.0 = Release|Any CPU
		{63DAB558-FA39-49BF-BEB0-60FF201666B3}.Release|x64.ActiveCfg = Release|Any CPU
		{63DAB558-FA39-49BF-BEB0-60FF201666B3}.Release|x64.Build.0 = Release|Any CPU
		{63DAB558-FA39-49BF-BEB0-60FF201666B3}.Release|x86.ActiveCfg = Release|Any CPU
		{63DAB558-FA39-49BF-BEB0-60FF201666B3}.Release|x86.Build.0 = Release|Any CPU
		{0173E11D-1C49-4AD7-A2AF-5C4BEFDBD7E9}.Debug|Any CPU.ActiveCfg = Debug|Any CPU
		{0173E11D-1C49-4AD7-A2AF-5C4BEFDBD7E9}.Debug|Any CPU.Build.0 = Debug|Any CPU
		{0173E11D-1C49-4AD7-A2AF-5C4BEFDBD7E9}.Debug|x64.ActiveCfg = Debug|Any CPU
		{0173E11D-1C49-4AD7-A2AF-5C4BEFDBD7E9}.Debug|x64.Build.0 = Debug|Any CPU
		{0173E11D-1C49-4AD7-A2AF-5C4BEFDBD7E9}.Debug|x86.ActiveCfg = Debug|Any CPU
		{0173E11D-1C49-4AD7-A2AF-5C4BEFDBD7E9}.Debug|x86.Build.0 = Debug|Any CPU
		{0173E11D-1C49-4AD7-A2AF-5C4BEFDBD7E9}.Release|Any CPU.ActiveCfg = Release|Any CPU
		{0173E11D-1C49-4AD7-A2AF-5C4BEFDBD7E9}.Release|Any CPU.Build.0 = Release|Any CPU
		{0173E11D-1C49-4AD7-A2AF-5C4BEFDBD7E9}.Release|x64.ActiveCfg = Release|Any CPU
		{0173E11D-1C49-4AD7-A2AF-5C4BEFDBD7E9}.Release|x64.Build.0 = Release|Any CPU
		{0173E11D-1C49-4AD7-A2AF-5C4BEFDBD7E9}.Release|x86.ActiveCfg = Release|Any CPU
		{0173E11D-1C49-4AD7-A2AF-5C4BEFDBD7E9}.Release|x86.Build.0 = Release|Any CPU
	EndGlobalSection
	GlobalSection(NestedProjects) = preSolution
		{122EB974-B9E8-49A2-A255-6BFC9032ADF7} = {FEB5B73F-21AE-418D-8CA8-DB5DB8BDAB1E}
		{6BA0DE54-3B7B-43C1-BDE4-83DE971AE6B3} = {FEB5B73F-21AE-418D-8CA8-DB5DB8BDAB1E}
		{69F4BC9A-41EF-417D-8560-936ED3AA1593} = {FEB5B73F-21AE-418D-8CA8-DB5DB8BDAB1E}
		{C5E28856-D7D9-437A-B184-1998C5DF8F76} = {FEB5B73F-21AE-418D-8CA8-DB5DB8BDAB1E}
		{B816E28F-C406-476D-B073-3DD0E4B16580} = {FEB5B73F-21AE-418D-8CA8-DB5DB8BDAB1E}
		{18665807-54BD-4426-BC56-D9B4E144AF12} = {FEB5B73F-21AE-418D-8CA8-DB5DB8BDAB1E}
		{3C3AC730-648F-452F-8E6C-D4C12B416AA9} = {FEB5B73F-21AE-418D-8CA8-DB5DB8BDAB1E}
		{E310057A-9F0D-4CA0-82EF-526005C41E1F} = {FEB5B73F-21AE-418D-8CA8-DB5DB8BDAB1E}
		{0C4E489A-59B9-4599-A271-43D34F554186} = {91BFB3EF-4806-49FD-BDBC-370D0166BE3A}
		{62383165-0454-4F76-BB78-BEE7372D8E3E} = {91BFB3EF-4806-49FD-BDBC-370D0166BE3A}
		{5479B0F8-3C4B-45E2-8DA2-344DAFDF90F9} = {91BFB3EF-4806-49FD-BDBC-370D0166BE3A}
		{7AC2EE42-2B63-4D9D-AC6E-18F7B967EA46} = {91BFB3EF-4806-49FD-BDBC-370D0166BE3A}
		{CC888DA2-C11B-4051-AAE8-6C454A13A232} = {9FBDCB77-0076-45CB-83FB-2623BDA7E39C}
		{DD220646-6EB7-4893-A0FF-FB308CDD4933} = {CC888DA2-C11B-4051-AAE8-6C454A13A232}
		{9F664E16-4EC7-497C-BF8C-A2879011DB55} = {CC888DA2-C11B-4051-AAE8-6C454A13A232}
		{D3A8592F-68B4-41AE-92A7-013C95D4615A} = {CC888DA2-C11B-4051-AAE8-6C454A13A232}
		{5AA8FF50-A5C1-49CD-847A-51B81C648066} = {CC888DA2-C11B-4051-AAE8-6C454A13A232}
		{A8FD5ABB-CCD8-4591-B20E-5EFF0283AEF4} = {CC888DA2-C11B-4051-AAE8-6C454A13A232}
		{F841A664-2E75-4873-9ED6-66C1F4DA739B} = {91BFB3EF-4806-49FD-BDBC-370D0166BE3A}
		{63DAB558-FA39-49BF-BEB0-60FF201666B3} = {CC888DA2-C11B-4051-AAE8-6C454A13A232}
		{0173E11D-1C49-4AD7-A2AF-5C4BEFDBD7E9} = {CC888DA2-C11B-4051-AAE8-6C454A13A232}
	EndGlobalSection
EndGlobal
