
Microsoft Visual Studio Solution File, Format Version 12.00
# Visual Studio 15
VisualStudioVersion = 15.0.26124.0
MinimumVisualStudioVersion = 15.0.26124.0
Project("{2150E333-8FDC-42A3-9474-1A3956D46DE8}") = "src", "src", "{C53C800D-EBCB-4DCC-B84E-AA206FC5E930}"
EndProject
Project("{FAE04EC0-301F-11D3-BF4B-00C04F79EFBC}") = "Bunnypro.GeneticAlgorithm.Core", "src\Core\Bunnypro.GeneticAlgorithm.Core.csproj", "{A79EED19-4290-49D1-A90A-AA397B3C8A2A}"
EndProject
Project("{2150E333-8FDC-42A3-9474-1A3956D46DE8}") = "tests", "tests", "{CA9A30C4-0141-4953-B794-53761C7EF6B1}"
EndProject
Project("{FAE04EC0-301F-11D3-BF4B-00C04F79EFBC}") = "Bunnypro.GeneticAlgorithm.Core.Test", "tests\Core.Test\Bunnypro.GeneticAlgorithm.Core.Test.csproj", "{53351164-C114-46C6-8C24-A2E3F20062B6}"
EndProject
Project("{FAE04EC0-301F-11D3-BF4B-00C04F79EFBC}") = "Bunnypro.GeneticAlgorithm.Abstractions", "src\Abstractions\Bunnypro.GeneticAlgorithm.Abstractions.csproj", "{E56C938A-50D7-48B0-BC40-658C7B869EE5}"
EndProject
Project("{FAE04EC0-301F-11D3-BF4B-00C04F79EFBC}") = "Bunnypro.GeneticAlgorithm.Test.Utils", "tests\Utils\Bunnypro.GeneticAlgorithm.Test.Utils.csproj", "{87394E76-0CCE-4803-A512-084BC84D35CF}"
EndProject
Project("{FAE04EC0-301F-11D3-BF4B-00C04F79EFBC}") = "Bunnypro.GeneticAlgorithm.Extensions", "src\Extensions\Bunnypro.GeneticAlgorithm.Extensions.csproj", "{1C19BB00-05C7-4632-AF89-2D560280B621}"
EndProject
Project("{FAE04EC0-301F-11D3-BF4B-00C04F79EFBC}") = "Bunnypro.GeneticAlgorithm.Extensions.Test", "tests\Extensions.Test\Bunnypro.GeneticAlgorithm.Extensions.Test.csproj", "{51346C35-0743-4A20-A68A-7B62C58735BB}"
EndProject
Project("{FAE04EC0-301F-11D3-BF4B-00C04F79EFBC}") = "Bunnypro.GeneticAlgorithm.Primitives", "src\Primitives\Bunnypro.GeneticAlgorithm.Primitives.csproj", "{47DCAD7E-6972-4842-95A8-579D96991489}"
EndProject
Project("{FAE04EC0-301F-11D3-BF4B-00C04F79EFBC}") = "Bunnypro.GeneticAlgorithm.MultiObjective.Abstractions", "src\MultiObjective.Abstractions\Bunnypro.GeneticAlgorithm.MultiObjective.Abstractions.csproj", "{AAE18C29-9B14-4037-ABDC-D9B0E4B88253}"
EndProject
Project("{FAE04EC0-301F-11D3-BF4B-00C04F79EFBC}") = "Bunnypro.GeneticAlgorithm.MultiObjective.Primitives", "src\MultiObjective.Primitives\Bunnypro.GeneticAlgorithm.MultiObjective.Primitives.csproj", "{DF279473-571B-46C9-9425-8D342CA3D61C}"
EndProject
Project("{FAE04EC0-301F-11D3-BF4B-00C04F79EFBC}") = "Bunnypro.GeneticAlgorithm.MultiObjective.Core", "src\MultiObjective.Core\Bunnypro.GeneticAlgorithm.MultiObjective.Core.csproj", "{9EDAAD65-7C7E-424B-B6D1-2ACFBF49297C}"
EndProject
Project("{FAE04EC0-301F-11D3-BF4B-00C04F79EFBC}") = "Bunnypro.GeneticAlgorithm.MultiObjective.NSGA2", "src\MultiObjective.NSGA2\Bunnypro.GeneticAlgorithm.MultiObjective.NSGA2.csproj", "{F8B394F2-833C-44C2-A4B8-EEB370DAEFF2}"
EndProject
Project("{2150E333-8FDC-42A3-9474-1A3956D46DE8}") = "thesis", "thesis", "{D8E7692B-B226-4328-93E3-C19B9AD2A606}"
EndProject
Project("{2150E333-8FDC-42A3-9474-1A3956D46DE8}") = "src", "src", "{D295EF6B-9C6B-45EA-B806-F5E76FCADD2A}"
EndProject
Project("{FAE04EC0-301F-11D3-BF4B-00C04F79EFBC}") = "Albar.AssistantAssignment.Data.Abstraction", "thesis\src\Albar.AssistantAssignment.Data.Abstraction\Albar.AssistantAssignment.Data.Abstraction.csproj", "{9C089F51-9D57-4BA1-920C-700EB7159128}"
EndProject
Project("{FAE04EC0-301F-11D3-BF4B-00C04F79EFBC}") = "Albar.AssistantAssignment.Algorithm", "thesis\src\Albar.AssistantAssignment.Algorithm\Albar.AssistantAssignment.Algorithm.csproj", "{F93A8F34-C464-41BC-B19C-5EFADB5D33C2}"
EndProject
Project("{FAE04EC0-301F-11D3-BF4B-00C04F79EFBC}") = "Albar.AssistantAssignment.ConsoleApp", "thesis\src\Albar.AssistantAssignment.ConsoleApp\Albar.AssistantAssignment.ConsoleApp.csproj", "{E37A8288-3735-496B-B9EE-AB4E5FF3D085}"
EndProject
Project("{FAE04EC0-301F-11D3-BF4B-00C04F79EFBC}") = "Albar.AssistantAssignment.ThesisSpecificImplementation", "thesis\src\Albar.AssistantAssignment.ThesisSpecificImplementation\Albar.AssistantAssignment.ThesisSpecificImplementation.csproj", "{D4AEFA31-68C1-4ABC-95BC-76468D6DC4CF}"
EndProject
Project("{FAE04EC0-301F-11D3-BF4B-00C04F79EFBC}") = "Albar.AssistantAssignment.Abstractions", "thesis\src\Albar.AssistantAssignment.Abstractions\Albar.AssistantAssignment.Abstractions.csproj", "{11924C9B-CE4F-48BE-B0A2-ACBCAE448277}"
EndProject
Project("{2150E333-8FDC-42A3-9474-1A3956D46DE8}") = "utility", "utility", "{D5BE640D-354D-4EBA-9541-D931A7A5179D}"
EndProject
Project("{FAE04EC0-301F-11D3-BF4B-00C04F79EFBC}") = "Bunnypro.Enumerable.Chunk", "utility\Bunnypro.Enumerable.Chunk\Bunnypro.Enumerable.Chunk.csproj", "{46039ECB-E14E-4546-BDEB-E1C6025220EE}"
EndProject
Project("{FAE04EC0-301F-11D3-BF4B-00C04F79EFBC}") = "Bunnypro.Enumerable.Chunk.Test", "utility\Bunnypro.Enumerable.Chunk.Test\Bunnypro.Enumerable.Chunk.Test.csproj", "{DC0FC26D-7AD6-4BA3-8FE5-2361CB551B50}"
EndProject
Project("{FAE04EC0-301F-11D3-BF4B-00C04F79EFBC}") = "Bunnypro.Enumerable.Combine", "utility\Bunnypro.Enumerable.Combine\Bunnypro.Enumerable.Combine.csproj", "{94870AD8-3400-4155-80B2-281A9462708E}"
EndProject
Project("{FAE04EC0-301F-11D3-BF4B-00C04F79EFBC}") = "Bunnypro.Enumerable.Combine.Test", "utility\Bunnypro.Enumerable.Combine.Test\Bunnypro.Enumerable.Combine.Test.csproj", "{C6E659BC-D52B-4EF7-AEB7-1F2430DA5B0B}"
EndProject
Global
	GlobalSection(SolutionConfigurationPlatforms) = preSolution
		Debug|Any CPU = Debug|Any CPU
		Debug|x64 = Debug|x64
		Debug|x86 = Debug|x86
		Release|Any CPU = Release|Any CPU
		Release|x64 = Release|x64
		Release|x86 = Release|x86
	EndGlobalSection
	GlobalSection(SolutionProperties) = preSolution
		HideSolutionNode = FALSE
	EndGlobalSection
	GlobalSection(ProjectConfigurationPlatforms) = postSolution
		{A79EED19-4290-49D1-A90A-AA397B3C8A2A}.Debug|Any CPU.ActiveCfg = Debug|Any CPU
		{A79EED19-4290-49D1-A90A-AA397B3C8A2A}.Debug|Any CPU.Build.0 = Debug|Any CPU
		{A79EED19-4290-49D1-A90A-AA397B3C8A2A}.Debug|x64.ActiveCfg = Debug|Any CPU
		{A79EED19-4290-49D1-A90A-AA397B3C8A2A}.Debug|x64.Build.0 = Debug|Any CPU
		{A79EED19-4290-49D1-A90A-AA397B3C8A2A}.Debug|x86.ActiveCfg = Debug|Any CPU
		{A79EED19-4290-49D1-A90A-AA397B3C8A2A}.Debug|x86.Build.0 = Debug|Any CPU
		{A79EED19-4290-49D1-A90A-AA397B3C8A2A}.Release|Any CPU.ActiveCfg = Release|Any CPU
		{A79EED19-4290-49D1-A90A-AA397B3C8A2A}.Release|Any CPU.Build.0 = Release|Any CPU
		{A79EED19-4290-49D1-A90A-AA397B3C8A2A}.Release|x64.ActiveCfg = Release|Any CPU
		{A79EED19-4290-49D1-A90A-AA397B3C8A2A}.Release|x64.Build.0 = Release|Any CPU
		{A79EED19-4290-49D1-A90A-AA397B3C8A2A}.Release|x86.ActiveCfg = Release|Any CPU
		{A79EED19-4290-49D1-A90A-AA397B3C8A2A}.Release|x86.Build.0 = Release|Any CPU
		{53351164-C114-46C6-8C24-A2E3F20062B6}.Debug|Any CPU.ActiveCfg = Debug|Any CPU
		{53351164-C114-46C6-8C24-A2E3F20062B6}.Debug|Any CPU.Build.0 = Debug|Any CPU
		{53351164-C114-46C6-8C24-A2E3F20062B6}.Debug|x64.ActiveCfg = Debug|Any CPU
		{53351164-C114-46C6-8C24-A2E3F20062B6}.Debug|x64.Build.0 = Debug|Any CPU
		{53351164-C114-46C6-8C24-A2E3F20062B6}.Debug|x86.ActiveCfg = Debug|Any CPU
		{53351164-C114-46C6-8C24-A2E3F20062B6}.Debug|x86.Build.0 = Debug|Any CPU
		{53351164-C114-46C6-8C24-A2E3F20062B6}.Release|Any CPU.ActiveCfg = Release|Any CPU
		{53351164-C114-46C6-8C24-A2E3F20062B6}.Release|Any CPU.Build.0 = Release|Any CPU
		{53351164-C114-46C6-8C24-A2E3F20062B6}.Release|x64.ActiveCfg = Release|Any CPU
		{53351164-C114-46C6-8C24-A2E3F20062B6}.Release|x64.Build.0 = Release|Any CPU
		{53351164-C114-46C6-8C24-A2E3F20062B6}.Release|x86.ActiveCfg = Release|Any CPU
		{53351164-C114-46C6-8C24-A2E3F20062B6}.Release|x86.Build.0 = Release|Any CPU
		{E56C938A-50D7-48B0-BC40-658C7B869EE5}.Debug|Any CPU.ActiveCfg = Debug|Any CPU
		{E56C938A-50D7-48B0-BC40-658C7B869EE5}.Debug|Any CPU.Build.0 = Debug|Any CPU
		{E56C938A-50D7-48B0-BC40-658C7B869EE5}.Debug|x64.ActiveCfg = Debug|Any CPU
		{E56C938A-50D7-48B0-BC40-658C7B869EE5}.Debug|x64.Build.0 = Debug|Any CPU
		{E56C938A-50D7-48B0-BC40-658C7B869EE5}.Debug|x86.ActiveCfg = Debug|Any CPU
		{E56C938A-50D7-48B0-BC40-658C7B869EE5}.Debug|x86.Build.0 = Debug|Any CPU
		{E56C938A-50D7-48B0-BC40-658C7B869EE5}.Release|Any CPU.ActiveCfg = Release|Any CPU
		{E56C938A-50D7-48B0-BC40-658C7B869EE5}.Release|Any CPU.Build.0 = Release|Any CPU
		{E56C938A-50D7-48B0-BC40-658C7B869EE5}.Release|x64.ActiveCfg = Release|Any CPU
		{E56C938A-50D7-48B0-BC40-658C7B869EE5}.Release|x64.Build.0 = Release|Any CPU
		{E56C938A-50D7-48B0-BC40-658C7B869EE5}.Release|x86.ActiveCfg = Release|Any CPU
		{E56C938A-50D7-48B0-BC40-658C7B869EE5}.Release|x86.Build.0 = Release|Any CPU
		{87394E76-0CCE-4803-A512-084BC84D35CF}.Debug|Any CPU.ActiveCfg = Debug|Any CPU
		{87394E76-0CCE-4803-A512-084BC84D35CF}.Debug|Any CPU.Build.0 = Debug|Any CPU
		{87394E76-0CCE-4803-A512-084BC84D35CF}.Debug|x64.ActiveCfg = Debug|Any CPU
		{87394E76-0CCE-4803-A512-084BC84D35CF}.Debug|x64.Build.0 = Debug|Any CPU
		{87394E76-0CCE-4803-A512-084BC84D35CF}.Debug|x86.ActiveCfg = Debug|Any CPU
		{87394E76-0CCE-4803-A512-084BC84D35CF}.Debug|x86.Build.0 = Debug|Any CPU
		{87394E76-0CCE-4803-A512-084BC84D35CF}.Release|Any CPU.ActiveCfg = Release|Any CPU
		{87394E76-0CCE-4803-A512-084BC84D35CF}.Release|Any CPU.Build.0 = Release|Any CPU
		{87394E76-0CCE-4803-A512-084BC84D35CF}.Release|x64.ActiveCfg = Release|Any CPU
		{87394E76-0CCE-4803-A512-084BC84D35CF}.Release|x64.Build.0 = Release|Any CPU
		{87394E76-0CCE-4803-A512-084BC84D35CF}.Release|x86.ActiveCfg = Release|Any CPU
		{87394E76-0CCE-4803-A512-084BC84D35CF}.Release|x86.Build.0 = Release|Any CPU
		{1C19BB00-05C7-4632-AF89-2D560280B621}.Debug|Any CPU.ActiveCfg = Debug|Any CPU
		{1C19BB00-05C7-4632-AF89-2D560280B621}.Debug|Any CPU.Build.0 = Debug|Any CPU
		{1C19BB00-05C7-4632-AF89-2D560280B621}.Debug|x64.ActiveCfg = Debug|Any CPU
		{1C19BB00-05C7-4632-AF89-2D560280B621}.Debug|x64.Build.0 = Debug|Any CPU
		{1C19BB00-05C7-4632-AF89-2D560280B621}.Debug|x86.ActiveCfg = Debug|Any CPU
		{1C19BB00-05C7-4632-AF89-2D560280B621}.Debug|x86.Build.0 = Debug|Any CPU
		{1C19BB00-05C7-4632-AF89-2D560280B621}.Release|Any CPU.ActiveCfg = Release|Any CPU
		{1C19BB00-05C7-4632-AF89-2D560280B621}.Release|Any CPU.Build.0 = Release|Any CPU
		{1C19BB00-05C7-4632-AF89-2D560280B621}.Release|x64.ActiveCfg = Release|Any CPU
		{1C19BB00-05C7-4632-AF89-2D560280B621}.Release|x64.Build.0 = Release|Any CPU
		{1C19BB00-05C7-4632-AF89-2D560280B621}.Release|x86.ActiveCfg = Release|Any CPU
		{1C19BB00-05C7-4632-AF89-2D560280B621}.Release|x86.Build.0 = Release|Any CPU
		{51346C35-0743-4A20-A68A-7B62C58735BB}.Debug|Any CPU.ActiveCfg = Debug|Any CPU
		{51346C35-0743-4A20-A68A-7B62C58735BB}.Debug|Any CPU.Build.0 = Debug|Any CPU
		{51346C35-0743-4A20-A68A-7B62C58735BB}.Debug|x64.ActiveCfg = Debug|Any CPU
		{51346C35-0743-4A20-A68A-7B62C58735BB}.Debug|x64.Build.0 = Debug|Any CPU
		{51346C35-0743-4A20-A68A-7B62C58735BB}.Debug|x86.ActiveCfg = Debug|Any CPU
		{51346C35-0743-4A20-A68A-7B62C58735BB}.Debug|x86.Build.0 = Debug|Any CPU
		{51346C35-0743-4A20-A68A-7B62C58735BB}.Release|Any CPU.ActiveCfg = Release|Any CPU
		{51346C35-0743-4A20-A68A-7B62C58735BB}.Release|Any CPU.Build.0 = Release|Any CPU
		{51346C35-0743-4A20-A68A-7B62C58735BB}.Release|x64.ActiveCfg = Release|Any CPU
		{51346C35-0743-4A20-A68A-7B62C58735BB}.Release|x64.Build.0 = Release|Any CPU
		{51346C35-0743-4A20-A68A-7B62C58735BB}.Release|x86.ActiveCfg = Release|Any CPU
		{51346C35-0743-4A20-A68A-7B62C58735BB}.Release|x86.Build.0 = Release|Any CPU
		{47DCAD7E-6972-4842-95A8-579D96991489}.Debug|Any CPU.ActiveCfg = Debug|Any CPU
		{47DCAD7E-6972-4842-95A8-579D96991489}.Debug|Any CPU.Build.0 = Debug|Any CPU
		{47DCAD7E-6972-4842-95A8-579D96991489}.Debug|x64.ActiveCfg = Debug|Any CPU
		{47DCAD7E-6972-4842-95A8-579D96991489}.Debug|x64.Build.0 = Debug|Any CPU
		{47DCAD7E-6972-4842-95A8-579D96991489}.Debug|x86.ActiveCfg = Debug|Any CPU
		{47DCAD7E-6972-4842-95A8-579D96991489}.Debug|x86.Build.0 = Debug|Any CPU
		{47DCAD7E-6972-4842-95A8-579D96991489}.Release|Any CPU.ActiveCfg = Release|Any CPU
		{47DCAD7E-6972-4842-95A8-579D96991489}.Release|Any CPU.Build.0 = Release|Any CPU
		{47DCAD7E-6972-4842-95A8-579D96991489}.Release|x64.ActiveCfg = Release|Any CPU
		{47DCAD7E-6972-4842-95A8-579D96991489}.Release|x64.Build.0 = Release|Any CPU
		{47DCAD7E-6972-4842-95A8-579D96991489}.Release|x86.ActiveCfg = Release|Any CPU
		{47DCAD7E-6972-4842-95A8-579D96991489}.Release|x86.Build.0 = Release|Any CPU
		{AAE18C29-9B14-4037-ABDC-D9B0E4B88253}.Debug|Any CPU.ActiveCfg = Debug|Any CPU
		{AAE18C29-9B14-4037-ABDC-D9B0E4B88253}.Debug|Any CPU.Build.0 = Debug|Any CPU
		{AAE18C29-9B14-4037-ABDC-D9B0E4B88253}.Debug|x64.ActiveCfg = Debug|Any CPU
		{AAE18C29-9B14-4037-ABDC-D9B0E4B88253}.Debug|x64.Build.0 = Debug|Any CPU
		{AAE18C29-9B14-4037-ABDC-D9B0E4B88253}.Debug|x86.ActiveCfg = Debug|Any CPU
		{AAE18C29-9B14-4037-ABDC-D9B0E4B88253}.Debug|x86.Build.0 = Debug|Any CPU
		{AAE18C29-9B14-4037-ABDC-D9B0E4B88253}.Release|Any CPU.ActiveCfg = Release|Any CPU
		{AAE18C29-9B14-4037-ABDC-D9B0E4B88253}.Release|Any CPU.Build.0 = Release|Any CPU
		{AAE18C29-9B14-4037-ABDC-D9B0E4B88253}.Release|x64.ActiveCfg = Release|Any CPU
		{AAE18C29-9B14-4037-ABDC-D9B0E4B88253}.Release|x64.Build.0 = Release|Any CPU
		{AAE18C29-9B14-4037-ABDC-D9B0E4B88253}.Release|x86.ActiveCfg = Release|Any CPU
		{AAE18C29-9B14-4037-ABDC-D9B0E4B88253}.Release|x86.Build.0 = Release|Any CPU
		{DF279473-571B-46C9-9425-8D342CA3D61C}.Debug|Any CPU.ActiveCfg = Debug|Any CPU
		{DF279473-571B-46C9-9425-8D342CA3D61C}.Debug|Any CPU.Build.0 = Debug|Any CPU
		{DF279473-571B-46C9-9425-8D342CA3D61C}.Debug|x64.ActiveCfg = Debug|Any CPU
		{DF279473-571B-46C9-9425-8D342CA3D61C}.Debug|x64.Build.0 = Debug|Any CPU
		{DF279473-571B-46C9-9425-8D342CA3D61C}.Debug|x86.ActiveCfg = Debug|Any CPU
		{DF279473-571B-46C9-9425-8D342CA3D61C}.Debug|x86.Build.0 = Debug|Any CPU
		{DF279473-571B-46C9-9425-8D342CA3D61C}.Release|Any CPU.ActiveCfg = Release|Any CPU
		{DF279473-571B-46C9-9425-8D342CA3D61C}.Release|Any CPU.Build.0 = Release|Any CPU
		{DF279473-571B-46C9-9425-8D342CA3D61C}.Release|x64.ActiveCfg = Release|Any CPU
		{DF279473-571B-46C9-9425-8D342CA3D61C}.Release|x64.Build.0 = Release|Any CPU
		{DF279473-571B-46C9-9425-8D342CA3D61C}.Release|x86.ActiveCfg = Release|Any CPU
		{DF279473-571B-46C9-9425-8D342CA3D61C}.Release|x86.Build.0 = Release|Any CPU
		{9EDAAD65-7C7E-424B-B6D1-2ACFBF49297C}.Debug|Any CPU.ActiveCfg = Debug|Any CPU
		{9EDAAD65-7C7E-424B-B6D1-2ACFBF49297C}.Debug|Any CPU.Build.0 = Debug|Any CPU
		{9EDAAD65-7C7E-424B-B6D1-2ACFBF49297C}.Debug|x64.ActiveCfg = Debug|Any CPU
		{9EDAAD65-7C7E-424B-B6D1-2ACFBF49297C}.Debug|x64.Build.0 = Debug|Any CPU
		{9EDAAD65-7C7E-424B-B6D1-2ACFBF49297C}.Debug|x86.ActiveCfg = Debug|Any CPU
		{9EDAAD65-7C7E-424B-B6D1-2ACFBF49297C}.Debug|x86.Build.0 = Debug|Any CPU
		{9EDAAD65-7C7E-424B-B6D1-2ACFBF49297C}.Release|Any CPU.ActiveCfg = Release|Any CPU
		{9EDAAD65-7C7E-424B-B6D1-2ACFBF49297C}.Release|Any CPU.Build.0 = Release|Any CPU
		{9EDAAD65-7C7E-424B-B6D1-2ACFBF49297C}.Release|x64.ActiveCfg = Release|Any CPU
		{9EDAAD65-7C7E-424B-B6D1-2ACFBF49297C}.Release|x64.Build.0 = Release|Any CPU
		{9EDAAD65-7C7E-424B-B6D1-2ACFBF49297C}.Release|x86.ActiveCfg = Release|Any CPU
		{9EDAAD65-7C7E-424B-B6D1-2ACFBF49297C}.Release|x86.Build.0 = Release|Any CPU
		{F8B394F2-833C-44C2-A4B8-EEB370DAEFF2}.Debug|Any CPU.ActiveCfg = Debug|Any CPU
		{F8B394F2-833C-44C2-A4B8-EEB370DAEFF2}.Debug|Any CPU.Build.0 = Debug|Any CPU
		{F8B394F2-833C-44C2-A4B8-EEB370DAEFF2}.Debug|x64.ActiveCfg = Debug|Any CPU
		{F8B394F2-833C-44C2-A4B8-EEB370DAEFF2}.Debug|x64.Build.0 = Debug|Any CPU
		{F8B394F2-833C-44C2-A4B8-EEB370DAEFF2}.Debug|x86.ActiveCfg = Debug|Any CPU
		{F8B394F2-833C-44C2-A4B8-EEB370DAEFF2}.Debug|x86.Build.0 = Debug|Any CPU
		{F8B394F2-833C-44C2-A4B8-EEB370DAEFF2}.Release|Any CPU.ActiveCfg = Release|Any CPU
		{F8B394F2-833C-44C2-A4B8-EEB370DAEFF2}.Release|Any CPU.Build.0 = Release|Any CPU
		{F8B394F2-833C-44C2-A4B8-EEB370DAEFF2}.Release|x64.ActiveCfg = Release|Any CPU
		{F8B394F2-833C-44C2-A4B8-EEB370DAEFF2}.Release|x64.Build.0 = Release|Any CPU
		{F8B394F2-833C-44C2-A4B8-EEB370DAEFF2}.Release|x86.ActiveCfg = Release|Any CPU
		{F8B394F2-833C-44C2-A4B8-EEB370DAEFF2}.Release|x86.Build.0 = Release|Any CPU
		{9C089F51-9D57-4BA1-920C-700EB7159128}.Debug|Any CPU.ActiveCfg = Debug|Any CPU
		{9C089F51-9D57-4BA1-920C-700EB7159128}.Debug|Any CPU.Build.0 = Debug|Any CPU
		{9C089F51-9D57-4BA1-920C-700EB7159128}.Debug|x64.ActiveCfg = Debug|Any CPU
		{9C089F51-9D57-4BA1-920C-700EB7159128}.Debug|x64.Build.0 = Debug|Any CPU
		{9C089F51-9D57-4BA1-920C-700EB7159128}.Debug|x86.ActiveCfg = Debug|Any CPU
		{9C089F51-9D57-4BA1-920C-700EB7159128}.Debug|x86.Build.0 = Debug|Any CPU
		{9C089F51-9D57-4BA1-920C-700EB7159128}.Release|Any CPU.ActiveCfg = Release|Any CPU
		{9C089F51-9D57-4BA1-920C-700EB7159128}.Release|Any CPU.Build.0 = Release|Any CPU
		{9C089F51-9D57-4BA1-920C-700EB7159128}.Release|x64.ActiveCfg = Release|Any CPU
		{9C089F51-9D57-4BA1-920C-700EB7159128}.Release|x64.Build.0 = Release|Any CPU
		{9C089F51-9D57-4BA1-920C-700EB7159128}.Release|x86.ActiveCfg = Release|Any CPU
		{9C089F51-9D57-4BA1-920C-700EB7159128}.Release|x86.Build.0 = Release|Any CPU
		{F93A8F34-C464-41BC-B19C-5EFADB5D33C2}.Debug|Any CPU.ActiveCfg = Debug|Any CPU
		{F93A8F34-C464-41BC-B19C-5EFADB5D33C2}.Debug|Any CPU.Build.0 = Debug|Any CPU
		{F93A8F34-C464-41BC-B19C-5EFADB5D33C2}.Debug|x64.ActiveCfg = Debug|Any CPU
		{F93A8F34-C464-41BC-B19C-5EFADB5D33C2}.Debug|x64.Build.0 = Debug|Any CPU
		{F93A8F34-C464-41BC-B19C-5EFADB5D33C2}.Debug|x86.ActiveCfg = Debug|Any CPU
		{F93A8F34-C464-41BC-B19C-5EFADB5D33C2}.Debug|x86.Build.0 = Debug|Any CPU
		{F93A8F34-C464-41BC-B19C-5EFADB5D33C2}.Release|Any CPU.ActiveCfg = Release|Any CPU
		{F93A8F34-C464-41BC-B19C-5EFADB5D33C2}.Release|Any CPU.Build.0 = Release|Any CPU
		{F93A8F34-C464-41BC-B19C-5EFADB5D33C2}.Release|x64.ActiveCfg = Release|Any CPU
		{F93A8F34-C464-41BC-B19C-5EFADB5D33C2}.Release|x64.Build.0 = Release|Any CPU
		{F93A8F34-C464-41BC-B19C-5EFADB5D33C2}.Release|x86.ActiveCfg = Release|Any CPU
		{F93A8F34-C464-41BC-B19C-5EFADB5D33C2}.Release|x86.Build.0 = Release|Any CPU
		{E37A8288-3735-496B-B9EE-AB4E5FF3D085}.Debug|Any CPU.ActiveCfg = Debug|Any CPU
		{E37A8288-3735-496B-B9EE-AB4E5FF3D085}.Debug|Any CPU.Build.0 = Debug|Any CPU
		{E37A8288-3735-496B-B9EE-AB4E5FF3D085}.Debug|x64.ActiveCfg = Debug|Any CPU
		{E37A8288-3735-496B-B9EE-AB4E5FF3D085}.Debug|x64.Build.0 = Debug|Any CPU
		{E37A8288-3735-496B-B9EE-AB4E5FF3D085}.Debug|x86.ActiveCfg = Debug|Any CPU
		{E37A8288-3735-496B-B9EE-AB4E5FF3D085}.Debug|x86.Build.0 = Debug|Any CPU
		{E37A8288-3735-496B-B9EE-AB4E5FF3D085}.Release|Any CPU.ActiveCfg = Release|Any CPU
		{E37A8288-3735-496B-B9EE-AB4E5FF3D085}.Release|Any CPU.Build.0 = Release|Any CPU
		{E37A8288-3735-496B-B9EE-AB4E5FF3D085}.Release|x64.ActiveCfg = Release|Any CPU
		{E37A8288-3735-496B-B9EE-AB4E5FF3D085}.Release|x64.Build.0 = Release|Any CPU
		{E37A8288-3735-496B-B9EE-AB4E5FF3D085}.Release|x86.ActiveCfg = Release|Any CPU
		{E37A8288-3735-496B-B9EE-AB4E5FF3D085}.Release|x86.Build.0 = Release|Any CPU
		{D4AEFA31-68C1-4ABC-95BC-76468D6DC4CF}.Debug|Any CPU.ActiveCfg = Debug|Any CPU
		{D4AEFA31-68C1-4ABC-95BC-76468D6DC4CF}.Debug|Any CPU.Build.0 = Debug|Any CPU
		{D4AEFA31-68C1-4ABC-95BC-76468D6DC4CF}.Debug|x64.ActiveCfg = Debug|Any CPU
		{D4AEFA31-68C1-4ABC-95BC-76468D6DC4CF}.Debug|x64.Build.0 = Debug|Any CPU
		{D4AEFA31-68C1-4ABC-95BC-76468D6DC4CF}.Debug|x86.ActiveCfg = Debug|Any CPU
		{D4AEFA31-68C1-4ABC-95BC-76468D6DC4CF}.Debug|x86.Build.0 = Debug|Any CPU
		{D4AEFA31-68C1-4ABC-95BC-76468D6DC4CF}.Release|Any CPU.ActiveCfg = Release|Any CPU
		{D4AEFA31-68C1-4ABC-95BC-76468D6DC4CF}.Release|Any CPU.Build.0 = Release|Any CPU
		{D4AEFA31-68C1-4ABC-95BC-76468D6DC4CF}.Release|x64.ActiveCfg = Release|Any CPU
		{D4AEFA31-68C1-4ABC-95BC-76468D6DC4CF}.Release|x64.Build.0 = Release|Any CPU
		{D4AEFA31-68C1-4ABC-95BC-76468D6DC4CF}.Release|x86.ActiveCfg = Release|Any CPU
		{D4AEFA31-68C1-4ABC-95BC-76468D6DC4CF}.Release|x86.Build.0 = Release|Any CPU
		{11924C9B-CE4F-48BE-B0A2-ACBCAE448277}.Debug|Any CPU.ActiveCfg = Debug|Any CPU
		{11924C9B-CE4F-48BE-B0A2-ACBCAE448277}.Debug|Any CPU.Build.0 = Debug|Any CPU
		{11924C9B-CE4F-48BE-B0A2-ACBCAE448277}.Debug|x64.ActiveCfg = Debug|Any CPU
		{11924C9B-CE4F-48BE-B0A2-ACBCAE448277}.Debug|x64.Build.0 = Debug|Any CPU
		{11924C9B-CE4F-48BE-B0A2-ACBCAE448277}.Debug|x86.ActiveCfg = Debug|Any CPU
		{11924C9B-CE4F-48BE-B0A2-ACBCAE448277}.Debug|x86.Build.0 = Debug|Any CPU
		{11924C9B-CE4F-48BE-B0A2-ACBCAE448277}.Release|Any CPU.ActiveCfg = Release|Any CPU
		{11924C9B-CE4F-48BE-B0A2-ACBCAE448277}.Release|Any CPU.Build.0 = Release|Any CPU
		{11924C9B-CE4F-48BE-B0A2-ACBCAE448277}.Release|x64.ActiveCfg = Release|Any CPU
		{11924C9B-CE4F-48BE-B0A2-ACBCAE448277}.Release|x64.Build.0 = Release|Any CPU
		{11924C9B-CE4F-48BE-B0A2-ACBCAE448277}.Release|x86.ActiveCfg = Release|Any CPU
		{11924C9B-CE4F-48BE-B0A2-ACBCAE448277}.Release|x86.Build.0 = Release|Any CPU
		{46039ECB-E14E-4546-BDEB-E1C6025220EE}.Debug|Any CPU.ActiveCfg = Debug|Any CPU
		{46039ECB-E14E-4546-BDEB-E1C6025220EE}.Debug|Any CPU.Build.0 = Debug|Any CPU
		{46039ECB-E14E-4546-BDEB-E1C6025220EE}.Debug|x64.ActiveCfg = Debug|Any CPU
		{46039ECB-E14E-4546-BDEB-E1C6025220EE}.Debug|x64.Build.0 = Debug|Any CPU
		{46039ECB-E14E-4546-BDEB-E1C6025220EE}.Debug|x86.ActiveCfg = Debug|Any CPU
		{46039ECB-E14E-4546-BDEB-E1C6025220EE}.Debug|x86.Build.0 = Debug|Any CPU
		{46039ECB-E14E-4546-BDEB-E1C6025220EE}.Release|Any CPU.ActiveCfg = Release|Any CPU
		{46039ECB-E14E-4546-BDEB-E1C6025220EE}.Release|Any CPU.Build.0 = Release|Any CPU
		{46039ECB-E14E-4546-BDEB-E1C6025220EE}.Release|x64.ActiveCfg = Release|Any CPU
		{46039ECB-E14E-4546-BDEB-E1C6025220EE}.Release|x64.Build.0 = Release|Any CPU
		{46039ECB-E14E-4546-BDEB-E1C6025220EE}.Release|x86.ActiveCfg = Release|Any CPU
		{46039ECB-E14E-4546-BDEB-E1C6025220EE}.Release|x86.Build.0 = Release|Any CPU
		{DC0FC26D-7AD6-4BA3-8FE5-2361CB551B50}.Debug|Any CPU.ActiveCfg = Debug|Any CPU
		{DC0FC26D-7AD6-4BA3-8FE5-2361CB551B50}.Debug|Any CPU.Build.0 = Debug|Any CPU
		{DC0FC26D-7AD6-4BA3-8FE5-2361CB551B50}.Debug|x64.ActiveCfg = Debug|Any CPU
		{DC0FC26D-7AD6-4BA3-8FE5-2361CB551B50}.Debug|x64.Build.0 = Debug|Any CPU
		{DC0FC26D-7AD6-4BA3-8FE5-2361CB551B50}.Debug|x86.ActiveCfg = Debug|Any CPU
		{DC0FC26D-7AD6-4BA3-8FE5-2361CB551B50}.Debug|x86.Build.0 = Debug|Any CPU
		{DC0FC26D-7AD6-4BA3-8FE5-2361CB551B50}.Release|Any CPU.ActiveCfg = Release|Any CPU
		{DC0FC26D-7AD6-4BA3-8FE5-2361CB551B50}.Release|Any CPU.Build.0 = Release|Any CPU
		{DC0FC26D-7AD6-4BA3-8FE5-2361CB551B50}.Release|x64.ActiveCfg = Release|Any CPU
		{DC0FC26D-7AD6-4BA3-8FE5-2361CB551B50}.Release|x64.Build.0 = Release|Any CPU
		{DC0FC26D-7AD6-4BA3-8FE5-2361CB551B50}.Release|x86.ActiveCfg = Release|Any CPU
		{DC0FC26D-7AD6-4BA3-8FE5-2361CB551B50}.Release|x86.Build.0 = Release|Any CPU
		{94870AD8-3400-4155-80B2-281A9462708E}.Debug|Any CPU.ActiveCfg = Debug|Any CPU
		{94870AD8-3400-4155-80B2-281A9462708E}.Debug|Any CPU.Build.0 = Debug|Any CPU
		{94870AD8-3400-4155-80B2-281A9462708E}.Debug|x64.ActiveCfg = Debug|Any CPU
		{94870AD8-3400-4155-80B2-281A9462708E}.Debug|x64.Build.0 = Debug|Any CPU
		{94870AD8-3400-4155-80B2-281A9462708E}.Debug|x86.ActiveCfg = Debug|Any CPU
		{94870AD8-3400-4155-80B2-281A9462708E}.Debug|x86.Build.0 = Debug|Any CPU
		{94870AD8-3400-4155-80B2-281A9462708E}.Release|Any CPU.ActiveCfg = Release|Any CPU
		{94870AD8-3400-4155-80B2-281A9462708E}.Release|Any CPU.Build.0 = Release|Any CPU
		{94870AD8-3400-4155-80B2-281A9462708E}.Release|x64.ActiveCfg = Release|Any CPU
		{94870AD8-3400-4155-80B2-281A9462708E}.Release|x64.Build.0 = Release|Any CPU
		{94870AD8-3400-4155-80B2-281A9462708E}.Release|x86.ActiveCfg = Release|Any CPU
		{94870AD8-3400-4155-80B2-281A9462708E}.Release|x86.Build.0 = Release|Any CPU
		{C6E659BC-D52B-4EF7-AEB7-1F2430DA5B0B}.Debug|Any CPU.ActiveCfg = Debug|Any CPU
		{C6E659BC-D52B-4EF7-AEB7-1F2430DA5B0B}.Debug|Any CPU.Build.0 = Debug|Any CPU
		{C6E659BC-D52B-4EF7-AEB7-1F2430DA5B0B}.Debug|x64.ActiveCfg = Debug|Any CPU
		{C6E659BC-D52B-4EF7-AEB7-1F2430DA5B0B}.Debug|x64.Build.0 = Debug|Any CPU
		{C6E659BC-D52B-4EF7-AEB7-1F2430DA5B0B}.Debug|x86.ActiveCfg = Debug|Any CPU
		{C6E659BC-D52B-4EF7-AEB7-1F2430DA5B0B}.Debug|x86.Build.0 = Debug|Any CPU
		{C6E659BC-D52B-4EF7-AEB7-1F2430DA5B0B}.Release|Any CPU.ActiveCfg = Release|Any CPU
		{C6E659BC-D52B-4EF7-AEB7-1F2430DA5B0B}.Release|Any CPU.Build.0 = Release|Any CPU
		{C6E659BC-D52B-4EF7-AEB7-1F2430DA5B0B}.Release|x64.ActiveCfg = Release|Any CPU
		{C6E659BC-D52B-4EF7-AEB7-1F2430DA5B0B}.Release|x64.Build.0 = Release|Any CPU
		{C6E659BC-D52B-4EF7-AEB7-1F2430DA5B0B}.Release|x86.ActiveCfg = Release|Any CPU
		{C6E659BC-D52B-4EF7-AEB7-1F2430DA5B0B}.Release|x86.Build.0 = Release|Any CPU
	EndGlobalSection
	GlobalSection(NestedProjects) = preSolution
		{A79EED19-4290-49D1-A90A-AA397B3C8A2A} = {C53C800D-EBCB-4DCC-B84E-AA206FC5E930}
		{53351164-C114-46C6-8C24-A2E3F20062B6} = {CA9A30C4-0141-4953-B794-53761C7EF6B1}
		{E56C938A-50D7-48B0-BC40-658C7B869EE5} = {C53C800D-EBCB-4DCC-B84E-AA206FC5E930}
		{87394E76-0CCE-4803-A512-084BC84D35CF} = {CA9A30C4-0141-4953-B794-53761C7EF6B1}
		{1C19BB00-05C7-4632-AF89-2D560280B621} = {C53C800D-EBCB-4DCC-B84E-AA206FC5E930}
		{51346C35-0743-4A20-A68A-7B62C58735BB} = {CA9A30C4-0141-4953-B794-53761C7EF6B1}
		{47DCAD7E-6972-4842-95A8-579D96991489} = {C53C800D-EBCB-4DCC-B84E-AA206FC5E930}
		{AAE18C29-9B14-4037-ABDC-D9B0E4B88253} = {C53C800D-EBCB-4DCC-B84E-AA206FC5E930}
		{DF279473-571B-46C9-9425-8D342CA3D61C} = {C53C800D-EBCB-4DCC-B84E-AA206FC5E930}
		{9EDAAD65-7C7E-424B-B6D1-2ACFBF49297C} = {C53C800D-EBCB-4DCC-B84E-AA206FC5E930}
		{F8B394F2-833C-44C2-A4B8-EEB370DAEFF2} = {C53C800D-EBCB-4DCC-B84E-AA206FC5E930}
		{D295EF6B-9C6B-45EA-B806-F5E76FCADD2A} = {D8E7692B-B226-4328-93E3-C19B9AD2A606}
		{9C089F51-9D57-4BA1-920C-700EB7159128} = {D295EF6B-9C6B-45EA-B806-F5E76FCADD2A}
		{F93A8F34-C464-41BC-B19C-5EFADB5D33C2} = {D295EF6B-9C6B-45EA-B806-F5E76FCADD2A}
		{E37A8288-3735-496B-B9EE-AB4E5FF3D085} = {D295EF6B-9C6B-45EA-B806-F5E76FCADD2A}
		{D4AEFA31-68C1-4ABC-95BC-76468D6DC4CF} = {D295EF6B-9C6B-45EA-B806-F5E76FCADD2A}
		{11924C9B-CE4F-48BE-B0A2-ACBCAE448277} = {D295EF6B-9C6B-45EA-B806-F5E76FCADD2A}
		{46039ECB-E14E-4546-BDEB-E1C6025220EE} = {D5BE640D-354D-4EBA-9541-D931A7A5179D}
		{DC0FC26D-7AD6-4BA3-8FE5-2361CB551B50} = {D5BE640D-354D-4EBA-9541-D931A7A5179D}
		{94870AD8-3400-4155-80B2-281A9462708E} = {D5BE640D-354D-4EBA-9541-D931A7A5179D}
		{C6E659BC-D52B-4EF7-AEB7-1F2430DA5B0B} = {D5BE640D-354D-4EBA-9541-D931A7A5179D}
	EndGlobalSection
EndGlobal
