
Microsoft Visual Studio Solution File, Format Version 12.00
# Visual Studio 15
VisualStudioVersion = 15.0.26124.0
MinimumVisualStudioVersion = 15.0.26124.0
Project("{2150E333-8FDC-42A3-9474-1A3956D46DE8}") = "src", "src", "{EF1BCF3F-A255-452C-8EC9-1B186A890B32}"
EndProject
Project("{FAE04EC0-301F-11D3-BF4B-00C04F79EFBC}") = "Thesis.WebApp", "src\Thesis.WebApp\Thesis.WebApp.csproj", "{005B4BE3-A8AD-4776-901D-6354BD1B7708}"
EndProject
Project("{FAE04EC0-301F-11D3-BF4B-00C04F79EFBC}") = "Thesis.Algorithm", "src\Thesis.Algorithm\Thesis.Algorithm.csproj", "{219B43CE-972D-41D6-BE37-1AA4FA30EDFC}"
EndProject
Project("{FAE04EC0-301F-11D3-BF4B-00C04F79EFBC}") = "Thesis.DataType", "src\Thesis.DataType\Thesis.DataType.csproj", "{953379F0-E35A-447D-BB4A-323066ABF7E2}"
EndProject
Project("{FAE04EC0-301F-11D3-BF4B-00C04F79EFBC}") = "Thesis.ConsoleApp", "src\Thesis.ConsoleApp\Thesis.ConsoleApp.csproj", "{CD08266E-4A79-4B63-89F4-5B18605F8427}"
EndProject
Project("{FAE04EC0-301F-11D3-BF4B-00C04F79EFBC}") = "Thesis.Database", "src\Thesis.Database\Thesis.Database.csproj", "{22CFE183-09EF-437C-B9F5-78B8C3A71069}"
EndProject
Project("{FAE04EC0-301F-11D3-BF4B-00C04F79EFBC}") = "Thesis.DatabaseDataRepositoryBuilder", "src\Thesis.DatabaseDataRepositoryBuilder\Thesis.DatabaseDataRepositoryBuilder.csproj", "{626F21C5-716A-4E2B-9ED6-E1AF5B3719ED}"
EndProject
Project("{2150E333-8FDC-42A3-9474-1A3956D46DE8}") = "libs", "libs", "{756EB42F-BBFF-4902-99A3-B399ECF45C3F}"
EndProject
Project("{2150E333-8FDC-42A3-9474-1A3956D46DE8}") = "ea", "ea", "{6B0A7F61-5865-4B44-B200-403F7A9E4969}"
EndProject
Project("{2150E333-8FDC-42A3-9474-1A3956D46DE8}") = "src", "src", "{9E71CCE1-4AC0-43B7-A643-7FBEB65409D2}"
EndProject
Project("{FAE04EC0-301F-11D3-BF4B-00C04F79EFBC}") = "EvolutionaryAlgorithm.Abstraction", "libs\ea\src\Abstraction\EvolutionaryAlgorithm.Abstraction.csproj", "{6FEDDDD8-2E5B-4EB0-8DB1-922C9716C4EE}"
EndProject
Project("{FAE04EC0-301F-11D3-BF4B-00C04F79EFBC}") = "EvolutionaryAlgorithm.GeneticAlgorithm.NSGA2", "libs\ea\src\GeneticAlgorithm.NSGA2\EvolutionaryAlgorithm.GeneticAlgorithm.NSGA2.csproj", "{F6E8E0E5-E7D1-4D93-890D-6ED6CFC32336}"
EndProject
Global
	GlobalSection(SolutionConfigurationPlatforms) = preSolution
		Debug|Any CPU = Debug|Any CPU
		Debug|x64 = Debug|x64
		Debug|x86 = Debug|x86
		Release|Any CPU = Release|Any CPU
		Release|x64 = Release|x64
		Release|x86 = Release|x86
	EndGlobalSection
	GlobalSection(SolutionProperties) = preSolution
		HideSolutionNode = FALSE
	EndGlobalSection
	GlobalSection(ProjectConfigurationPlatforms) = postSolution
		{005B4BE3-A8AD-4776-901D-6354BD1B7708}.Debug|Any CPU.ActiveCfg = Debug|Any CPU
		{005B4BE3-A8AD-4776-901D-6354BD1B7708}.Debug|Any CPU.Build.0 = Debug|Any CPU
		{005B4BE3-A8AD-4776-901D-6354BD1B7708}.Debug|x64.ActiveCfg = Debug|Any CPU
		{005B4BE3-A8AD-4776-901D-6354BD1B7708}.Debug|x64.Build.0 = Debug|Any CPU
		{005B4BE3-A8AD-4776-901D-6354BD1B7708}.Debug|x86.ActiveCfg = Debug|Any CPU
		{005B4BE3-A8AD-4776-901D-6354BD1B7708}.Debug|x86.Build.0 = Debug|Any CPU
		{005B4BE3-A8AD-4776-901D-6354BD1B7708}.Release|Any CPU.ActiveCfg = Release|Any CPU
		{005B4BE3-A8AD-4776-901D-6354BD1B7708}.Release|Any CPU.Build.0 = Release|Any CPU
		{005B4BE3-A8AD-4776-901D-6354BD1B7708}.Release|x64.ActiveCfg = Release|Any CPU
		{005B4BE3-A8AD-4776-901D-6354BD1B7708}.Release|x64.Build.0 = Release|Any CPU
		{005B4BE3-A8AD-4776-901D-6354BD1B7708}.Release|x86.ActiveCfg = Release|Any CPU
		{005B4BE3-A8AD-4776-901D-6354BD1B7708}.Release|x86.Build.0 = Release|Any CPU
		{219B43CE-972D-41D6-BE37-1AA4FA30EDFC}.Debug|Any CPU.ActiveCfg = Debug|Any CPU
		{219B43CE-972D-41D6-BE37-1AA4FA30EDFC}.Debug|Any CPU.Build.0 = Debug|Any CPU
		{219B43CE-972D-41D6-BE37-1AA4FA30EDFC}.Debug|x64.ActiveCfg = Debug|Any CPU
		{219B43CE-972D-41D6-BE37-1AA4FA30EDFC}.Debug|x64.Build.0 = Debug|Any CPU
		{219B43CE-972D-41D6-BE37-1AA4FA30EDFC}.Debug|x86.ActiveCfg = Debug|Any CPU
		{219B43CE-972D-41D6-BE37-1AA4FA30EDFC}.Debug|x86.Build.0 = Debug|Any CPU
		{219B43CE-972D-41D6-BE37-1AA4FA30EDFC}.Release|Any CPU.ActiveCfg = Release|Any CPU
		{219B43CE-972D-41D6-BE37-1AA4FA30EDFC}.Release|Any CPU.Build.0 = Release|Any CPU
		{219B43CE-972D-41D6-BE37-1AA4FA30EDFC}.Release|x64.ActiveCfg = Release|Any CPU
		{219B43CE-972D-41D6-BE37-1AA4FA30EDFC}.Release|x64.Build.0 = Release|Any CPU
		{219B43CE-972D-41D6-BE37-1AA4FA30EDFC}.Release|x86.ActiveCfg = Release|Any CPU
		{219B43CE-972D-41D6-BE37-1AA4FA30EDFC}.Release|x86.Build.0 = Release|Any CPU
		{953379F0-E35A-447D-BB4A-323066ABF7E2}.Debug|Any CPU.ActiveCfg = Debug|Any CPU
		{953379F0-E35A-447D-BB4A-323066ABF7E2}.Debug|Any CPU.Build.0 = Debug|Any CPU
		{953379F0-E35A-447D-BB4A-323066ABF7E2}.Debug|x64.ActiveCfg = Debug|Any CPU
		{953379F0-E35A-447D-BB4A-323066ABF7E2}.Debug|x64.Build.0 = Debug|Any CPU
		{953379F0-E35A-447D-BB4A-323066ABF7E2}.Debug|x86.ActiveCfg = Debug|Any CPU
		{953379F0-E35A-447D-BB4A-323066ABF7E2}.Debug|x86.Build.0 = Debug|Any CPU
		{953379F0-E35A-447D-BB4A-323066ABF7E2}.Release|Any CPU.ActiveCfg = Release|Any CPU
		{953379F0-E35A-447D-BB4A-323066ABF7E2}.Release|Any CPU.Build.0 = Release|Any CPU
		{953379F0-E35A-447D-BB4A-323066ABF7E2}.Release|x64.ActiveCfg = Release|Any CPU
		{953379F0-E35A-447D-BB4A-323066ABF7E2}.Release|x64.Build.0 = Release|Any CPU
		{953379F0-E35A-447D-BB4A-323066ABF7E2}.Release|x86.ActiveCfg = Release|Any CPU
		{953379F0-E35A-447D-BB4A-323066ABF7E2}.Release|x86.Build.0 = Release|Any CPU
		{CD08266E-4A79-4B63-89F4-5B18605F8427}.Debug|Any CPU.ActiveCfg = Debug|Any CPU
		{CD08266E-4A79-4B63-89F4-5B18605F8427}.Debug|Any CPU.Build.0 = Debug|Any CPU
		{CD08266E-4A79-4B63-89F4-5B18605F8427}.Debug|x64.ActiveCfg = Debug|Any CPU
		{CD08266E-4A79-4B63-89F4-5B18605F8427}.Debug|x64.Build.0 = Debug|Any CPU
		{CD08266E-4A79-4B63-89F4-5B18605F8427}.Debug|x86.ActiveCfg = Debug|Any CPU
		{CD08266E-4A79-4B63-89F4-5B18605F8427}.Debug|x86.Build.0 = Debug|Any CPU
		{CD08266E-4A79-4B63-89F4-5B18605F8427}.Release|Any CPU.ActiveCfg = Release|Any CPU
		{CD08266E-4A79-4B63-89F4-5B18605F8427}.Release|Any CPU.Build.0 = Release|Any CPU
		{CD08266E-4A79-4B63-89F4-5B18605F8427}.Release|x64.ActiveCfg = Release|Any CPU
		{CD08266E-4A79-4B63-89F4-5B18605F8427}.Release|x64.Build.0 = Release|Any CPU
		{CD08266E-4A79-4B63-89F4-5B18605F8427}.Release|x86.ActiveCfg = Release|Any CPU
		{CD08266E-4A79-4B63-89F4-5B18605F8427}.Release|x86.Build.0 = Release|Any CPU
		{22CFE183-09EF-437C-B9F5-78B8C3A71069}.Debug|Any CPU.ActiveCfg = Debug|Any CPU
		{22CFE183-09EF-437C-B9F5-78B8C3A71069}.Debug|Any CPU.Build.0 = Debug|Any CPU
		{22CFE183-09EF-437C-B9F5-78B8C3A71069}.Debug|x64.ActiveCfg = Debug|Any CPU
		{22CFE183-09EF-437C-B9F5-78B8C3A71069}.Debug|x64.Build.0 = Debug|Any CPU
		{22CFE183-09EF-437C-B9F5-78B8C3A71069}.Debug|x86.ActiveCfg = Debug|Any CPU
		{22CFE183-09EF-437C-B9F5-78B8C3A71069}.Debug|x86.Build.0 = Debug|Any CPU
		{22CFE183-09EF-437C-B9F5-78B8C3A71069}.Release|Any CPU.ActiveCfg = Release|Any CPU
		{22CFE183-09EF-437C-B9F5-78B8C3A71069}.Release|Any CPU.Build.0 = Release|Any CPU
		{22CFE183-09EF-437C-B9F5-78B8C3A71069}.Release|x64.ActiveCfg = Release|Any CPU
		{22CFE183-09EF-437C-B9F5-78B8C3A71069}.Release|x64.Build.0 = Release|Any CPU
		{22CFE183-09EF-437C-B9F5-78B8C3A71069}.Release|x86.ActiveCfg = Release|Any CPU
		{22CFE183-09EF-437C-B9F5-78B8C3A71069}.Release|x86.Build.0 = Release|Any CPU
		{626F21C5-716A-4E2B-9ED6-E1AF5B3719ED}.Debug|Any CPU.ActiveCfg = Debug|Any CPU
		{626F21C5-716A-4E2B-9ED6-E1AF5B3719ED}.Debug|Any CPU.Build.0 = Debug|Any CPU
		{626F21C5-716A-4E2B-9ED6-E1AF5B3719ED}.Debug|x64.ActiveCfg = Debug|Any CPU
		{626F21C5-716A-4E2B-9ED6-E1AF5B3719ED}.Debug|x64.Build.0 = Debug|Any CPU
		{626F21C5-716A-4E2B-9ED6-E1AF5B3719ED}.Debug|x86.ActiveCfg = Debug|Any CPU
		{626F21C5-716A-4E2B-9ED6-E1AF5B3719ED}.Debug|x86.Build.0 = Debug|Any CPU
		{626F21C5-716A-4E2B-9ED6-E1AF5B3719ED}.Release|Any CPU.ActiveCfg = Release|Any CPU
		{626F21C5-716A-4E2B-9ED6-E1AF5B3719ED}.Release|Any CPU.Build.0 = Release|Any CPU
		{626F21C5-716A-4E2B-9ED6-E1AF5B3719ED}.Release|x64.ActiveCfg = Release|Any CPU
		{626F21C5-716A-4E2B-9ED6-E1AF5B3719ED}.Release|x64.Build.0 = Release|Any CPU
		{626F21C5-716A-4E2B-9ED6-E1AF5B3719ED}.Release|x86.ActiveCfg = Release|Any CPU
		{626F21C5-716A-4E2B-9ED6-E1AF5B3719ED}.Release|x86.Build.0 = Release|Any CPU
		{6FEDDDD8-2E5B-4EB0-8DB1-922C9716C4EE}.Debug|Any CPU.ActiveCfg = Debug|Any CPU
		{6FEDDDD8-2E5B-4EB0-8DB1-922C9716C4EE}.Debug|Any CPU.Build.0 = Debug|Any CPU
		{6FEDDDD8-2E5B-4EB0-8DB1-922C9716C4EE}.Debug|x64.ActiveCfg = Debug|Any CPU
		{6FEDDDD8-2E5B-4EB0-8DB1-922C9716C4EE}.Debug|x64.Build.0 = Debug|Any CPU
		{6FEDDDD8-2E5B-4EB0-8DB1-922C9716C4EE}.Debug|x86.ActiveCfg = Debug|Any CPU
		{6FEDDDD8-2E5B-4EB0-8DB1-922C9716C4EE}.Debug|x86.Build.0 = Debug|Any CPU
		{6FEDDDD8-2E5B-4EB0-8DB1-922C9716C4EE}.Release|Any CPU.ActiveCfg = Release|Any CPU
		{6FEDDDD8-2E5B-4EB0-8DB1-922C9716C4EE}.Release|Any CPU.Build.0 = Release|Any CPU
		{6FEDDDD8-2E5B-4EB0-8DB1-922C9716C4EE}.Release|x64.ActiveCfg = Release|Any CPU
		{6FEDDDD8-2E5B-4EB0-8DB1-922C9716C4EE}.Release|x64.Build.0 = Release|Any CPU
		{6FEDDDD8-2E5B-4EB0-8DB1-922C9716C4EE}.Release|x86.ActiveCfg = Release|Any CPU
		{6FEDDDD8-2E5B-4EB0-8DB1-922C9716C4EE}.Release|x86.Build.0 = Release|Any CPU
		{F6E8E0E5-E7D1-4D93-890D-6ED6CFC32336}.Debug|Any CPU.ActiveCfg = Debug|Any CPU
		{F6E8E0E5-E7D1-4D93-890D-6ED6CFC32336}.Debug|Any CPU.Build.0 = Debug|Any CPU
		{F6E8E0E5-E7D1-4D93-890D-6ED6CFC32336}.Debug|x64.ActiveCfg = Debug|Any CPU
		{F6E8E0E5-E7D1-4D93-890D-6ED6CFC32336}.Debug|x64.Build.0 = Debug|Any CPU
		{F6E8E0E5-E7D1-4D93-890D-6ED6CFC32336}.Debug|x86.ActiveCfg = Debug|Any CPU
		{F6E8E0E5-E7D1-4D93-890D-6ED6CFC32336}.Debug|x86.Build.0 = Debug|Any CPU
		{F6E8E0E5-E7D1-4D93-890D-6ED6CFC32336}.Release|Any CPU.ActiveCfg = Release|Any CPU
		{F6E8E0E5-E7D1-4D93-890D-6ED6CFC32336}.Release|Any CPU.Build.0 = Release|Any CPU
		{F6E8E0E5-E7D1-4D93-890D-6ED6CFC32336}.Release|x64.ActiveCfg = Release|Any CPU
		{F6E8E0E5-E7D1-4D93-890D-6ED6CFC32336}.Release|x64.Build.0 = Release|Any CPU
		{F6E8E0E5-E7D1-4D93-890D-6ED6CFC32336}.Release|x86.ActiveCfg = Release|Any CPU
		{F6E8E0E5-E7D1-4D93-890D-6ED6CFC32336}.Release|x86.Build.0 = Release|Any CPU
	EndGlobalSection
	GlobalSection(NestedProjects) = preSolution
		{005B4BE3-A8AD-4776-901D-6354BD1B7708} = {EF1BCF3F-A255-452C-8EC9-1B186A890B32}
		{219B43CE-972D-41D6-BE37-1AA4FA30EDFC} = {EF1BCF3F-A255-452C-8EC9-1B186A890B32}
		{953379F0-E35A-447D-BB4A-323066ABF7E2} = {EF1BCF3F-A255-452C-8EC9-1B186A890B32}
		{CD08266E-4A79-4B63-89F4-5B18605F8427} = {EF1BCF3F-A255-452C-8EC9-1B186A890B32}
		{22CFE183-09EF-437C-B9F5-78B8C3A71069} = {EF1BCF3F-A255-452C-8EC9-1B186A890B32}
		{626F21C5-716A-4E2B-9ED6-E1AF5B3719ED} = {EF1BCF3F-A255-452C-8EC9-1B186A890B32}
		{6B0A7F61-5865-4B44-B200-403F7A9E4969} = {756EB42F-BBFF-4902-99A3-B399ECF45C3F}
		{9E71CCE1-4AC0-43B7-A643-7FBEB65409D2} = {6B0A7F61-5865-4B44-B200-403F7A9E4969}
		{6FEDDDD8-2E5B-4EB0-8DB1-922C9716C4EE} = {9E71CCE1-4AC0-43B7-A643-7FBEB65409D2}
		{F6E8E0E5-E7D1-4D93-890D-6ED6CFC32336} = {9E71CCE1-4AC0-43B7-A643-7FBEB65409D2}
	EndGlobalSection
EndGlobal
