
Microsoft Visual Studio Solution File, Format Version 12.00
# Visual Studio 15
VisualStudioVersion = 15.0.26124.0
MinimumVisualStudioVersion = 15.0.26124.0
Project("{2150E333-8FDC-42A3-9474-1A3956D46DE8}") = "src", "src", "{EF1BCF3F-A255-452C-8EC9-1B186A890B32}"
EndProject
Project("{2150E333-8FDC-42A3-9474-1A3956D46DE8}") = "libs", "libs", "{756EB42F-BBFF-4902-99A3-B399ECF45C3F}"
EndProject
Project("{2150E333-8FDC-42A3-9474-1A3956D46DE8}") = "ea", "ea", "{6B0A7F61-5865-4B44-B200-403F7A9E4969}"
EndProject
Project("{2150E333-8FDC-42A3-9474-1A3956D46DE8}") = "src", "src", "{9E71CCE1-4AC0-43B7-A643-7FBEB65409D2}"
EndProject
Project("{FAE04EC0-301F-11D3-BF4B-00C04F79EFBC}") = "EvolutionaryAlgorithm.Abstraction", "libs\ea\src\Abstraction\EvolutionaryAlgorithm.Abstraction.csproj", "{6FEDDDD8-2E5B-4EB0-8DB1-922C9716C4EE}"
EndProject
Project("{FAE04EC0-301F-11D3-BF4B-00C04F79EFBC}") = "EvolutionaryAlgorithm.GeneticAlgorithm.NSGA2", "libs\ea\src\GeneticAlgorithm.NSGA2\EvolutionaryAlgorithm.GeneticAlgorithm.NSGA2.csproj", "{F6E8E0E5-E7D1-4D93-890D-6ED6CFC32336}"
EndProject
Project("{2150E333-8FDC-42A3-9474-1A3956D46DE8}") = "Data", "Data", "{87585410-B65A-4FDA-9245-E27CEDA5D260}"
EndProject
Project("{FAE04EC0-301F-11D3-BF4B-00C04F79EFBC}") = "AssistantAssignment.Data.Repository", "src\Data\Repository\AssistantAssignment.Data.Repository.csproj", "{18173EE0-6A0A-4018-8BA3-8D33572E6D39}"
EndProject
Project("{FAE04EC0-301F-11D3-BF4B-00C04F79EFBC}") = "AssistantAssignment.Data.Database", "src\Data\Database\AssistantAssignment.Data.Database.csproj", "{B4260283-7342-4BCC-96E4-FD7BFF6136C5}"
EndProject
Project("{FAE04EC0-301F-11D3-BF4B-00C04F79EFBC}") = "AssistantAssignment.Data.Types", "src\Data\Types\AssistantAssignment.Data.Types.csproj", "{4773AD0D-352A-4B74-826F-F1CAC1A9F804}"
EndProject
Project("{FAE04EC0-301F-11D3-BF4B-00C04F79EFBC}") = "AssistantAssignment.ConsoleApp", "src\ConsoleApp\AssistantAssignment.ConsoleApp.csproj", "{F466E28D-5F37-4F76-99D3-6AAD5ACB1DF8}"
EndProject
Project("{FAE04EC0-301F-11D3-BF4B-00C04F79EFBC}") = "AssistantAssignment.Algorithm", "src\Algorithm\AssistantAssignment.Algorithm.csproj", "{E93E597A-F15B-4DE6-9116-914040A8DBDC}"
EndProject
Project("{FAE04EC0-301F-11D3-BF4B-00C04F79EFBC}") = "AssistantAssignment.WebApp", "src\WebApp\AssistantAssignment.WebApp.csproj", "{89301B69-0634-424B-BAE4-048DFEC2116A}"
EndProject
Project("{FAE04EC0-301F-11D3-BF4B-00C04F79EFBC}") = "AssistantAssignment.Data.Abstractions", "src\Data\Abstractions\AssistantAssignment.Data.Abstractions.csproj", "{FA29EAE6-A07F-4DD0-A344-D50255EB0A43}"
EndProject
Global
	GlobalSection(SolutionConfigurationPlatforms) = preSolution
		Debug|Any CPU = Debug|Any CPU
		Debug|x64 = Debug|x64
		Debug|x86 = Debug|x86
		Release|Any CPU = Release|Any CPU
		Release|x64 = Release|x64
		Release|x86 = Release|x86
	EndGlobalSection
	GlobalSection(SolutionProperties) = preSolution
		HideSolutionNode = FALSE
	EndGlobalSection
	GlobalSection(ProjectConfigurationPlatforms) = postSolution
		{6FEDDDD8-2E5B-4EB0-8DB1-922C9716C4EE}.Debug|Any CPU.ActiveCfg = Debug|Any CPU
		{6FEDDDD8-2E5B-4EB0-8DB1-922C9716C4EE}.Debug|Any CPU.Build.0 = Debug|Any CPU
		{6FEDDDD8-2E5B-4EB0-8DB1-922C9716C4EE}.Debug|x64.ActiveCfg = Debug|Any CPU
		{6FEDDDD8-2E5B-4EB0-8DB1-922C9716C4EE}.Debug|x64.Build.0 = Debug|Any CPU
		{6FEDDDD8-2E5B-4EB0-8DB1-922C9716C4EE}.Debug|x86.ActiveCfg = Debug|Any CPU
		{6FEDDDD8-2E5B-4EB0-8DB1-922C9716C4EE}.Debug|x86.Build.0 = Debug|Any CPU
		{6FEDDDD8-2E5B-4EB0-8DB1-922C9716C4EE}.Release|Any CPU.ActiveCfg = Release|Any CPU
		{6FEDDDD8-2E5B-4EB0-8DB1-922C9716C4EE}.Release|Any CPU.Build.0 = Release|Any CPU
		{6FEDDDD8-2E5B-4EB0-8DB1-922C9716C4EE}.Release|x64.ActiveCfg = Release|Any CPU
		{6FEDDDD8-2E5B-4EB0-8DB1-922C9716C4EE}.Release|x64.Build.0 = Release|Any CPU
		{6FEDDDD8-2E5B-4EB0-8DB1-922C9716C4EE}.Release|x86.ActiveCfg = Release|Any CPU
		{6FEDDDD8-2E5B-4EB0-8DB1-922C9716C4EE}.Release|x86.Build.0 = Release|Any CPU
		{F6E8E0E5-E7D1-4D93-890D-6ED6CFC32336}.Debug|Any CPU.ActiveCfg = Debug|Any CPU
		{F6E8E0E5-E7D1-4D93-890D-6ED6CFC32336}.Debug|Any CPU.Build.0 = Debug|Any CPU
		{F6E8E0E5-E7D1-4D93-890D-6ED6CFC32336}.Debug|x64.ActiveCfg = Debug|Any CPU
		{F6E8E0E5-E7D1-4D93-890D-6ED6CFC32336}.Debug|x64.Build.0 = Debug|Any CPU
		{F6E8E0E5-E7D1-4D93-890D-6ED6CFC32336}.Debug|x86.ActiveCfg = Debug|Any CPU
		{F6E8E0E5-E7D1-4D93-890D-6ED6CFC32336}.Debug|x86.Build.0 = Debug|Any CPU
		{F6E8E0E5-E7D1-4D93-890D-6ED6CFC32336}.Release|Any CPU.ActiveCfg = Release|Any CPU
		{F6E8E0E5-E7D1-4D93-890D-6ED6CFC32336}.Release|Any CPU.Build.0 = Release|Any CPU
		{F6E8E0E5-E7D1-4D93-890D-6ED6CFC32336}.Release|x64.ActiveCfg = Release|Any CPU
		{F6E8E0E5-E7D1-4D93-890D-6ED6CFC32336}.Release|x64.Build.0 = Release|Any CPU
		{F6E8E0E5-E7D1-4D93-890D-6ED6CFC32336}.Release|x86.ActiveCfg = Release|Any CPU
		{F6E8E0E5-E7D1-4D93-890D-6ED6CFC32336}.Release|x86.Build.0 = Release|Any CPU
		{18173EE0-6A0A-4018-8BA3-8D33572E6D39}.Debug|Any CPU.ActiveCfg = Debug|Any CPU
		{18173EE0-6A0A-4018-8BA3-8D33572E6D39}.Debug|Any CPU.Build.0 = Debug|Any CPU
		{18173EE0-6A0A-4018-8BA3-8D33572E6D39}.Debug|x64.ActiveCfg = Debug|Any CPU
		{18173EE0-6A0A-4018-8BA3-8D33572E6D39}.Debug|x64.Build.0 = Debug|Any CPU
		{18173EE0-6A0A-4018-8BA3-8D33572E6D39}.Debug|x86.ActiveCfg = Debug|Any CPU
		{18173EE0-6A0A-4018-8BA3-8D33572E6D39}.Debug|x86.Build.0 = Debug|Any CPU
		{18173EE0-6A0A-4018-8BA3-8D33572E6D39}.Release|Any CPU.ActiveCfg = Release|Any CPU
		{18173EE0-6A0A-4018-8BA3-8D33572E6D39}.Release|Any CPU.Build.0 = Release|Any CPU
		{18173EE0-6A0A-4018-8BA3-8D33572E6D39}.Release|x64.ActiveCfg = Release|Any CPU
		{18173EE0-6A0A-4018-8BA3-8D33572E6D39}.Release|x64.Build.0 = Release|Any CPU
		{18173EE0-6A0A-4018-8BA3-8D33572E6D39}.Release|x86.ActiveCfg = Release|Any CPU
		{18173EE0-6A0A-4018-8BA3-8D33572E6D39}.Release|x86.Build.0 = Release|Any CPU
		{B4260283-7342-4BCC-96E4-FD7BFF6136C5}.Debug|Any CPU.ActiveCfg = Debug|Any CPU
		{B4260283-7342-4BCC-96E4-FD7BFF6136C5}.Debug|Any CPU.Build.0 = Debug|Any CPU
		{B4260283-7342-4BCC-96E4-FD7BFF6136C5}.Debug|x64.ActiveCfg = Debug|Any CPU
		{B4260283-7342-4BCC-96E4-FD7BFF6136C5}.Debug|x64.Build.0 = Debug|Any CPU
		{B4260283-7342-4BCC-96E4-FD7BFF6136C5}.Debug|x86.ActiveCfg = Debug|Any CPU
		{B4260283-7342-4BCC-96E4-FD7BFF6136C5}.Debug|x86.Build.0 = Debug|Any CPU
		{B4260283-7342-4BCC-96E4-FD7BFF6136C5}.Release|Any CPU.ActiveCfg = Release|Any CPU
		{B4260283-7342-4BCC-96E4-FD7BFF6136C5}.Release|Any CPU.Build.0 = Release|Any CPU
		{B4260283-7342-4BCC-96E4-FD7BFF6136C5}.Release|x64.ActiveCfg = Release|Any CPU
		{B4260283-7342-4BCC-96E4-FD7BFF6136C5}.Release|x64.Build.0 = Release|Any CPU
		{B4260283-7342-4BCC-96E4-FD7BFF6136C5}.Release|x86.ActiveCfg = Release|Any CPU
		{B4260283-7342-4BCC-96E4-FD7BFF6136C5}.Release|x86.Build.0 = Release|Any CPU
		{4773AD0D-352A-4B74-826F-F1CAC1A9F804}.Debug|Any CPU.ActiveCfg = Debug|Any CPU
		{4773AD0D-352A-4B74-826F-F1CAC1A9F804}.Debug|Any CPU.Build.0 = Debug|Any CPU
		{4773AD0D-352A-4B74-826F-F1CAC1A9F804}.Debug|x64.ActiveCfg = Debug|Any CPU
		{4773AD0D-352A-4B74-826F-F1CAC1A9F804}.Debug|x64.Build.0 = Debug|Any CPU
		{4773AD0D-352A-4B74-826F-F1CAC1A9F804}.Debug|x86.ActiveCfg = Debug|Any CPU
		{4773AD0D-352A-4B74-826F-F1CAC1A9F804}.Debug|x86.Build.0 = Debug|Any CPU
		{4773AD0D-352A-4B74-826F-F1CAC1A9F804}.Release|Any CPU.ActiveCfg = Release|Any CPU
		{4773AD0D-352A-4B74-826F-F1CAC1A9F804}.Release|Any CPU.Build.0 = Release|Any CPU
		{4773AD0D-352A-4B74-826F-F1CAC1A9F804}.Release|x64.ActiveCfg = Release|Any CPU
		{4773AD0D-352A-4B74-826F-F1CAC1A9F804}.Release|x64.Build.0 = Release|Any CPU
		{4773AD0D-352A-4B74-826F-F1CAC1A9F804}.Release|x86.ActiveCfg = Release|Any CPU
		{4773AD0D-352A-4B74-826F-F1CAC1A9F804}.Release|x86.Build.0 = Release|Any CPU
		{F466E28D-5F37-4F76-99D3-6AAD5ACB1DF8}.Debug|Any CPU.ActiveCfg = Debug|Any CPU
		{F466E28D-5F37-4F76-99D3-6AAD5ACB1DF8}.Debug|Any CPU.Build.0 = Debug|Any CPU
		{F466E28D-5F37-4F76-99D3-6AAD5ACB1DF8}.Debug|x64.ActiveCfg = Debug|Any CPU
		{F466E28D-5F37-4F76-99D3-6AAD5ACB1DF8}.Debug|x64.Build.0 = Debug|Any CPU
		{F466E28D-5F37-4F76-99D3-6AAD5ACB1DF8}.Debug|x86.ActiveCfg = Debug|Any CPU
		{F466E28D-5F37-4F76-99D3-6AAD5ACB1DF8}.Debug|x86.Build.0 = Debug|Any CPU
		{F466E28D-5F37-4F76-99D3-6AAD5ACB1DF8}.Release|Any CPU.ActiveCfg = Release|Any CPU
		{F466E28D-5F37-4F76-99D3-6AAD5ACB1DF8}.Release|Any CPU.Build.0 = Release|Any CPU
		{F466E28D-5F37-4F76-99D3-6AAD5ACB1DF8}.Release|x64.ActiveCfg = Release|Any CPU
		{F466E28D-5F37-4F76-99D3-6AAD5ACB1DF8}.Release|x64.Build.0 = Release|Any CPU
		{F466E28D-5F37-4F76-99D3-6AAD5ACB1DF8}.Release|x86.ActiveCfg = Release|Any CPU
		{F466E28D-5F37-4F76-99D3-6AAD5ACB1DF8}.Release|x86.Build.0 = Release|Any CPU
		{E93E597A-F15B-4DE6-9116-914040A8DBDC}.Debug|Any CPU.ActiveCfg = Debug|Any CPU
		{E93E597A-F15B-4DE6-9116-914040A8DBDC}.Debug|Any CPU.Build.0 = Debug|Any CPU
		{E93E597A-F15B-4DE6-9116-914040A8DBDC}.Debug|x64.ActiveCfg = Debug|Any CPU
		{E93E597A-F15B-4DE6-9116-914040A8DBDC}.Debug|x64.Build.0 = Debug|Any CPU
		{E93E597A-F15B-4DE6-9116-914040A8DBDC}.Debug|x86.ActiveCfg = Debug|Any CPU
		{E93E597A-F15B-4DE6-9116-914040A8DBDC}.Debug|x86.Build.0 = Debug|Any CPU
		{E93E597A-F15B-4DE6-9116-914040A8DBDC}.Release|Any CPU.ActiveCfg = Release|Any CPU
		{E93E597A-F15B-4DE6-9116-914040A8DBDC}.Release|Any CPU.Build.0 = Release|Any CPU
		{E93E597A-F15B-4DE6-9116-914040A8DBDC}.Release|x64.ActiveCfg = Release|Any CPU
		{E93E597A-F15B-4DE6-9116-914040A8DBDC}.Release|x64.Build.0 = Release|Any CPU
		{E93E597A-F15B-4DE6-9116-914040A8DBDC}.Release|x86.ActiveCfg = Release|Any CPU
		{E93E597A-F15B-4DE6-9116-914040A8DBDC}.Release|x86.Build.0 = Release|Any CPU
		{89301B69-0634-424B-BAE4-048DFEC2116A}.Debug|Any CPU.ActiveCfg = Debug|Any CPU
		{89301B69-0634-424B-BAE4-048DFEC2116A}.Debug|Any CPU.Build.0 = Debug|Any CPU
		{89301B69-0634-424B-BAE4-048DFEC2116A}.Debug|x64.ActiveCfg = Debug|Any CPU
		{89301B69-0634-424B-BAE4-048DFEC2116A}.Debug|x64.Build.0 = Debug|Any CPU
		{89301B69-0634-424B-BAE4-048DFEC2116A}.Debug|x86.ActiveCfg = Debug|Any CPU
		{89301B69-0634-424B-BAE4-048DFEC2116A}.Debug|x86.Build.0 = Debug|Any CPU
		{89301B69-0634-424B-BAE4-048DFEC2116A}.Release|Any CPU.ActiveCfg = Release|Any CPU
		{89301B69-0634-424B-BAE4-048DFEC2116A}.Release|Any CPU.Build.0 = Release|Any CPU
		{89301B69-0634-424B-BAE4-048DFEC2116A}.Release|x64.ActiveCfg = Release|Any CPU
		{89301B69-0634-424B-BAE4-048DFEC2116A}.Release|x64.Build.0 = Release|Any CPU
		{89301B69-0634-424B-BAE4-048DFEC2116A}.Release|x86.ActiveCfg = Release|Any CPU
		{89301B69-0634-424B-BAE4-048DFEC2116A}.Release|x86.Build.0 = Release|Any CPU
		{FA29EAE6-A07F-4DD0-A344-D50255EB0A43}.Debug|Any CPU.ActiveCfg = Debug|Any CPU
		{FA29EAE6-A07F-4DD0-A344-D50255EB0A43}.Debug|Any CPU.Build.0 = Debug|Any CPU
		{FA29EAE6-A07F-4DD0-A344-D50255EB0A43}.Debug|x64.ActiveCfg = Debug|Any CPU
		{FA29EAE6-A07F-4DD0-A344-D50255EB0A43}.Debug|x64.Build.0 = Debug|Any CPU
		{FA29EAE6-A07F-4DD0-A344-D50255EB0A43}.Debug|x86.ActiveCfg = Debug|Any CPU
		{FA29EAE6-A07F-4DD0-A344-D50255EB0A43}.Debug|x86.Build.0 = Debug|Any CPU
		{FA29EAE6-A07F-4DD0-A344-D50255EB0A43}.Release|Any CPU.ActiveCfg = Release|Any CPU
		{FA29EAE6-A07F-4DD0-A344-D50255EB0A43}.Release|Any CPU.Build.0 = Release|Any CPU
		{FA29EAE6-A07F-4DD0-A344-D50255EB0A43}.Release|x64.ActiveCfg = Release|Any CPU
		{FA29EAE6-A07F-4DD0-A344-D50255EB0A43}.Release|x64.Build.0 = Release|Any CPU
		{FA29EAE6-A07F-4DD0-A344-D50255EB0A43}.Release|x86.ActiveCfg = Release|Any CPU
		{FA29EAE6-A07F-4DD0-A344-D50255EB0A43}.Release|x86.Build.0 = Release|Any CPU
	EndGlobalSection
	GlobalSection(NestedProjects) = preSolution
		{6B0A7F61-5865-4B44-B200-403F7A9E4969} = {756EB42F-BBFF-4902-99A3-B399ECF45C3F}
		{9E71CCE1-4AC0-43B7-A643-7FBEB65409D2} = {6B0A7F61-5865-4B44-B200-403F7A9E4969}
		{6FEDDDD8-2E5B-4EB0-8DB1-922C9716C4EE} = {9E71CCE1-4AC0-43B7-A643-7FBEB65409D2}
		{F6E8E0E5-E7D1-4D93-890D-6ED6CFC32336} = {9E71CCE1-4AC0-43B7-A643-7FBEB65409D2}
		{87585410-B65A-4FDA-9245-E27CEDA5D260} = {EF1BCF3F-A255-452C-8EC9-1B186A890B32}
		{18173EE0-6A0A-4018-8BA3-8D33572E6D39} = {87585410-B65A-4FDA-9245-E27CEDA5D260}
		{B4260283-7342-4BCC-96E4-FD7BFF6136C5} = {87585410-B65A-4FDA-9245-E27CEDA5D260}
		{4773AD0D-352A-4B74-826F-F1CAC1A9F804} = {87585410-B65A-4FDA-9245-E27CEDA5D260}
		{F466E28D-5F37-4F76-99D3-6AAD5ACB1DF8} = {EF1BCF3F-A255-452C-8EC9-1B186A890B32}
		{E93E597A-F15B-4DE6-9116-914040A8DBDC} = {EF1BCF3F-A255-452C-8EC9-1B186A890B32}
		{89301B69-0634-424B-BAE4-048DFEC2116A} = {EF1BCF3F-A255-452C-8EC9-1B186A890B32}
		{FA29EAE6-A07F-4DD0-A344-D50255EB0A43} = {87585410-B65A-4FDA-9245-E27CEDA5D260}
	EndGlobalSection
EndGlobal
